
Microsoft Visual Studio Solution File, Format Version 12.00
# Visual Studio 15
VisualStudioVersion = 15.0.28107.0
MinimumVisualStudioVersion = 10.0.40219.1
Project("{FAE04EC0-301F-11D3-BF4B-00C04F79EFBC}") = "PayDaySample01.Web", "PayDaySample01.Web\PayDaySample01.Web.csproj", "{C3F6D03C-C72F-40DC-94C2-9D915E8C398B}"
EndProject
Project("{FAE04EC0-301F-11D3-BF4B-00C04F79EFBC}") = "PayDaySample01.Domain", "PayDaySample01.Domain\PayDaySample01.Domain.csproj", "{C626BF4A-2518-4587-BB61-A1FF4E91E303}"
EndProject
Project("{FAE04EC0-301F-11D3-BF4B-00C04F79EFBC}") = "PayDaySample01.Mobile.Android", "PayDaySample01.Mobile\PayDaySample01.Mobile.Android\PayDaySample01.Mobile.Android.csproj", "{F9D65C8A-EBE9-4004-895D-6F42562A077F}"
EndProject
Project("{FAE04EC0-301F-11D3-BF4B-00C04F79EFBC}") = "PayDaySample01.Mobile.iOS", "PayDaySample01.Mobile\PayDaySample01.Mobile.iOS\PayDaySample01.Mobile.iOS.csproj", "{5074A032-95A7-4CD5-A30E-14F6FCA9C74C}"
EndProject
Project("{FAE04EC0-301F-11D3-BF4B-00C04F79EFBC}") = "PayDaySample01.Mobile.UWP", "PayDaySample01.Mobile\PayDaySample01.Mobile.UWP\PayDaySample01.Mobile.UWP.csproj", "{B2EFA6DA-D035-4E67-BB5C-542930A72608}"
EndProject
Project("{FAE04EC0-301F-11D3-BF4B-00C04F79EFBC}") = "PayDaySample01.Mobile", "PayDaySample01.Mobile\PayDaySample01.Mobile\PayDaySample01.Mobile.csproj", "{1382CF2D-B7D3-46FB-92E1-DC8B55F675A4}"
EndProject
Project("{FAE04EC0-301F-11D3-BF4B-00C04F79EFBC}") = "PayDaySample01.API", "PayDaySample01.API\PayDaySample01.API.csproj", "{0C853230-84D7-4180-A7E6-88CFF0C89FDE}"
EndProject
Global
	GlobalSection(SolutionConfigurationPlatforms) = preSolution
		Ad-Hoc|Any CPU = Ad-Hoc|Any CPU
		Ad-Hoc|ARM = Ad-Hoc|ARM
		Ad-Hoc|iPhone = Ad-Hoc|iPhone
		Ad-Hoc|iPhoneSimulator = Ad-Hoc|iPhoneSimulator
		Ad-Hoc|x64 = Ad-Hoc|x64
		Ad-Hoc|x86 = Ad-Hoc|x86
		AppStore|Any CPU = AppStore|Any CPU
		AppStore|ARM = AppStore|ARM
		AppStore|iPhone = AppStore|iPhone
		AppStore|iPhoneSimulator = AppStore|iPhoneSimulator
		AppStore|x64 = AppStore|x64
		AppStore|x86 = AppStore|x86
		Debug|Any CPU = Debug|Any CPU
		Debug|ARM = Debug|ARM
		Debug|iPhone = Debug|iPhone
		Debug|iPhoneSimulator = Debug|iPhoneSimulator
		Debug|x64 = Debug|x64
		Debug|x86 = Debug|x86
		Release|Any CPU = Release|Any CPU
		Release|ARM = Release|ARM
		Release|iPhone = Release|iPhone
		Release|iPhoneSimulator = Release|iPhoneSimulator
		Release|x64 = Release|x64
		Release|x86 = Release|x86
	EndGlobalSection
	GlobalSection(ProjectConfigurationPlatforms) = postSolution
		{C3F6D03C-C72F-40DC-94C2-9D915E8C398B}.Ad-Hoc|Any CPU.ActiveCfg = Release|Any CPU
		{C3F6D03C-C72F-40DC-94C2-9D915E8C398B}.Ad-Hoc|Any CPU.Build.0 = Release|Any CPU
		{C3F6D03C-C72F-40DC-94C2-9D915E8C398B}.Ad-Hoc|ARM.ActiveCfg = Release|Any CPU
		{C3F6D03C-C72F-40DC-94C2-9D915E8C398B}.Ad-Hoc|ARM.Build.0 = Release|Any CPU
		{C3F6D03C-C72F-40DC-94C2-9D915E8C398B}.Ad-Hoc|iPhone.ActiveCfg = Release|Any CPU
		{C3F6D03C-C72F-40DC-94C2-9D915E8C398B}.Ad-Hoc|iPhone.Build.0 = Release|Any CPU
		{C3F6D03C-C72F-40DC-94C2-9D915E8C398B}.Ad-Hoc|iPhoneSimulator.ActiveCfg = Release|Any CPU
		{C3F6D03C-C72F-40DC-94C2-9D915E8C398B}.Ad-Hoc|iPhoneSimulator.Build.0 = Release|Any CPU
		{C3F6D03C-C72F-40DC-94C2-9D915E8C398B}.Ad-Hoc|x64.ActiveCfg = Release|Any CPU
		{C3F6D03C-C72F-40DC-94C2-9D915E8C398B}.Ad-Hoc|x64.Build.0 = Release|Any CPU
		{C3F6D03C-C72F-40DC-94C2-9D915E8C398B}.Ad-Hoc|x86.ActiveCfg = Release|Any CPU
		{C3F6D03C-C72F-40DC-94C2-9D915E8C398B}.Ad-Hoc|x86.Build.0 = Release|Any CPU
		{C3F6D03C-C72F-40DC-94C2-9D915E8C398B}.AppStore|Any CPU.ActiveCfg = Release|Any CPU
		{C3F6D03C-C72F-40DC-94C2-9D915E8C398B}.AppStore|Any CPU.Build.0 = Release|Any CPU
		{C3F6D03C-C72F-40DC-94C2-9D915E8C398B}.AppStore|ARM.ActiveCfg = Release|Any CPU
		{C3F6D03C-C72F-40DC-94C2-9D915E8C398B}.AppStore|ARM.Build.0 = Release|Any CPU
		{C3F6D03C-C72F-40DC-94C2-9D915E8C398B}.AppStore|iPhone.ActiveCfg = Release|Any CPU
		{C3F6D03C-C72F-40DC-94C2-9D915E8C398B}.AppStore|iPhone.Build.0 = Release|Any CPU
		{C3F6D03C-C72F-40DC-94C2-9D915E8C398B}.AppStore|iPhoneSimulator.ActiveCfg = Release|Any CPU
		{C3F6D03C-C72F-40DC-94C2-9D915E8C398B}.AppStore|iPhoneSimulator.Build.0 = Release|Any CPU
		{C3F6D03C-C72F-40DC-94C2-9D915E8C398B}.AppStore|x64.ActiveCfg = Release|Any CPU
		{C3F6D03C-C72F-40DC-94C2-9D915E8C398B}.AppStore|x64.Build.0 = Release|Any CPU
		{C3F6D03C-C72F-40DC-94C2-9D915E8C398B}.AppStore|x86.ActiveCfg = Release|Any CPU
		{C3F6D03C-C72F-40DC-94C2-9D915E8C398B}.AppStore|x86.Build.0 = Release|Any CPU
		{C3F6D03C-C72F-40DC-94C2-9D915E8C398B}.Debug|Any CPU.ActiveCfg = Debug|Any CPU
		{C3F6D03C-C72F-40DC-94C2-9D915E8C398B}.Debug|Any CPU.Build.0 = Debug|Any CPU
		{C3F6D03C-C72F-40DC-94C2-9D915E8C398B}.Debug|ARM.ActiveCfg = Debug|Any CPU
		{C3F6D03C-C72F-40DC-94C2-9D915E8C398B}.Debug|ARM.Build.0 = Debug|Any CPU
		{C3F6D03C-C72F-40DC-94C2-9D915E8C398B}.Debug|iPhone.ActiveCfg = Debug|Any CPU
		{C3F6D03C-C72F-40DC-94C2-9D915E8C398B}.Debug|iPhone.Build.0 = Debug|Any CPU
		{C3F6D03C-C72F-40DC-94C2-9D915E8C398B}.Debug|iPhoneSimulator.ActiveCfg = Debug|Any CPU
		{C3F6D03C-C72F-40DC-94C2-9D915E8C398B}.Debug|iPhoneSimulator.Build.0 = Debug|Any CPU
		{C3F6D03C-C72F-40DC-94C2-9D915E8C398B}.Debug|x64.ActiveCfg = Debug|Any CPU
		{C3F6D03C-C72F-40DC-94C2-9D915E8C398B}.Debug|x64.Build.0 = Debug|Any CPU
		{C3F6D03C-C72F-40DC-94C2-9D915E8C398B}.Debug|x86.ActiveCfg = Debug|Any CPU
		{C3F6D03C-C72F-40DC-94C2-9D915E8C398B}.Debug|x86.Build.0 = Debug|Any CPU
		{C3F6D03C-C72F-40DC-94C2-9D915E8C398B}.Release|Any CPU.ActiveCfg = Release|Any CPU
		{C3F6D03C-C72F-40DC-94C2-9D915E8C398B}.Release|Any CPU.Build.0 = Release|Any CPU
		{C3F6D03C-C72F-40DC-94C2-9D915E8C398B}.Release|ARM.ActiveCfg = Release|Any CPU
		{C3F6D03C-C72F-40DC-94C2-9D915E8C398B}.Release|ARM.Build.0 = Release|Any CPU
		{C3F6D03C-C72F-40DC-94C2-9D915E8C398B}.Release|iPhone.ActiveCfg = Release|Any CPU
		{C3F6D03C-C72F-40DC-94C2-9D915E8C398B}.Release|iPhone.Build.0 = Release|Any CPU
		{C3F6D03C-C72F-40DC-94C2-9D915E8C398B}.Release|iPhoneSimulator.ActiveCfg = Release|Any CPU
		{C3F6D03C-C72F-40DC-94C2-9D915E8C398B}.Release|iPhoneSimulator.Build.0 = Release|Any CPU
		{C3F6D03C-C72F-40DC-94C2-9D915E8C398B}.Release|x64.ActiveCfg = Release|Any CPU
		{C3F6D03C-C72F-40DC-94C2-9D915E8C398B}.Release|x64.Build.0 = Release|Any CPU
		{C3F6D03C-C72F-40DC-94C2-9D915E8C398B}.Release|x86.ActiveCfg = Release|Any CPU
		{C3F6D03C-C72F-40DC-94C2-9D915E8C398B}.Release|x86.Build.0 = Release|Any CPU
		{C626BF4A-2518-4587-BB61-A1FF4E91E303}.Ad-Hoc|Any CPU.ActiveCfg = Release|Any CPU
		{C626BF4A-2518-4587-BB61-A1FF4E91E303}.Ad-Hoc|Any CPU.Build.0 = Release|Any CPU
		{C626BF4A-2518-4587-BB61-A1FF4E91E303}.Ad-Hoc|ARM.ActiveCfg = Release|Any CPU
		{C626BF4A-2518-4587-BB61-A1FF4E91E303}.Ad-Hoc|ARM.Build.0 = Release|Any CPU
		{C626BF4A-2518-4587-BB61-A1FF4E91E303}.Ad-Hoc|iPhone.ActiveCfg = Release|Any CPU
		{C626BF4A-2518-4587-BB61-A1FF4E91E303}.Ad-Hoc|iPhone.Build.0 = Release|Any CPU
		{C626BF4A-2518-4587-BB61-A1FF4E91E303}.Ad-Hoc|iPhoneSimulator.ActiveCfg = Release|Any CPU
		{C626BF4A-2518-4587-BB61-A1FF4E91E303}.Ad-Hoc|iPhoneSimulator.Build.0 = Release|Any CPU
		{C626BF4A-2518-4587-BB61-A1FF4E91E303}.Ad-Hoc|x64.ActiveCfg = Release|Any CPU
		{C626BF4A-2518-4587-BB61-A1FF4E91E303}.Ad-Hoc|x64.Build.0 = Release|Any CPU
		{C626BF4A-2518-4587-BB61-A1FF4E91E303}.Ad-Hoc|x86.ActiveCfg = Release|Any CPU
		{C626BF4A-2518-4587-BB61-A1FF4E91E303}.Ad-Hoc|x86.Build.0 = Release|Any CPU
		{C626BF4A-2518-4587-BB61-A1FF4E91E303}.AppStore|Any CPU.ActiveCfg = Release|Any CPU
		{C626BF4A-2518-4587-BB61-A1FF4E91E303}.AppStore|Any CPU.Build.0 = Release|Any CPU
		{C626BF4A-2518-4587-BB61-A1FF4E91E303}.AppStore|ARM.ActiveCfg = Release|Any CPU
		{C626BF4A-2518-4587-BB61-A1FF4E91E303}.AppStore|ARM.Build.0 = Release|Any CPU
		{C626BF4A-2518-4587-BB61-A1FF4E91E303}.AppStore|iPhone.ActiveCfg = Release|Any CPU
		{C626BF4A-2518-4587-BB61-A1FF4E91E303}.AppStore|iPhone.Build.0 = Release|Any CPU
		{C626BF4A-2518-4587-BB61-A1FF4E91E303}.AppStore|iPhoneSimulator.ActiveCfg = Release|Any CPU
		{C626BF4A-2518-4587-BB61-A1FF4E91E303}.AppStore|iPhoneSimulator.Build.0 = Release|Any CPU
		{C626BF4A-2518-4587-BB61-A1FF4E91E303}.AppStore|x64.ActiveCfg = Release|Any CPU
		{C626BF4A-2518-4587-BB61-A1FF4E91E303}.AppStore|x64.Build.0 = Release|Any CPU
		{C626BF4A-2518-4587-BB61-A1FF4E91E303}.AppStore|x86.ActiveCfg = Release|Any CPU
		{C626BF4A-2518-4587-BB61-A1FF4E91E303}.AppStore|x86.Build.0 = Release|Any CPU
		{C626BF4A-2518-4587-BB61-A1FF4E91E303}.Debug|Any CPU.ActiveCfg = Debug|Any CPU
		{C626BF4A-2518-4587-BB61-A1FF4E91E303}.Debug|Any CPU.Build.0 = Debug|Any CPU
		{C626BF4A-2518-4587-BB61-A1FF4E91E303}.Debug|ARM.ActiveCfg = Debug|Any CPU
		{C626BF4A-2518-4587-BB61-A1FF4E91E303}.Debug|ARM.Build.0 = Debug|Any CPU
		{C626BF4A-2518-4587-BB61-A1FF4E91E303}.Debug|iPhone.ActiveCfg = Debug|Any CPU
		{C626BF4A-2518-4587-BB61-A1FF4E91E303}.Debug|iPhone.Build.0 = Debug|Any CPU
		{C626BF4A-2518-4587-BB61-A1FF4E91E303}.Debug|iPhoneSimulator.ActiveCfg = Debug|Any CPU
		{C626BF4A-2518-4587-BB61-A1FF4E91E303}.Debug|iPhoneSimulator.Build.0 = Debug|Any CPU
		{C626BF4A-2518-4587-BB61-A1FF4E91E303}.Debug|x64.ActiveCfg = Debug|Any CPU
		{C626BF4A-2518-4587-BB61-A1FF4E91E303}.Debug|x64.Build.0 = Debug|Any CPU
		{C626BF4A-2518-4587-BB61-A1FF4E91E303}.Debug|x86.ActiveCfg = Debug|Any CPU
		{C626BF4A-2518-4587-BB61-A1FF4E91E303}.Debug|x86.Build.0 = Debug|Any CPU
		{C626BF4A-2518-4587-BB61-A1FF4E91E303}.Release|Any CPU.ActiveCfg = Release|Any CPU
		{C626BF4A-2518-4587-BB61-A1FF4E91E303}.Release|Any CPU.Build.0 = Release|Any CPU
		{C626BF4A-2518-4587-BB61-A1FF4E91E303}.Release|ARM.ActiveCfg = Release|Any CPU
		{C626BF4A-2518-4587-BB61-A1FF4E91E303}.Release|ARM.Build.0 = Release|Any CPU
		{C626BF4A-2518-4587-BB61-A1FF4E91E303}.Release|iPhone.ActiveCfg = Release|Any CPU
		{C626BF4A-2518-4587-BB61-A1FF4E91E303}.Release|iPhone.Build.0 = Release|Any CPU
		{C626BF4A-2518-4587-BB61-A1FF4E91E303}.Release|iPhoneSimulator.ActiveCfg = Release|Any CPU
		{C626BF4A-2518-4587-BB61-A1FF4E91E303}.Release|iPhoneSimulator.Build.0 = Release|Any CPU
		{C626BF4A-2518-4587-BB61-A1FF4E91E303}.Release|x64.ActiveCfg = Release|Any CPU
		{C626BF4A-2518-4587-BB61-A1FF4E91E303}.Release|x64.Build.0 = Release|Any CPU
		{C626BF4A-2518-4587-BB61-A1FF4E91E303}.Release|x86.ActiveCfg = Release|Any CPU
		{C626BF4A-2518-4587-BB61-A1FF4E91E303}.Release|x86.Build.0 = Release|Any CPU
		{F9D65C8A-EBE9-4004-895D-6F42562A077F}.Ad-Hoc|Any CPU.ActiveCfg = Release|Any CPU
		{F9D65C8A-EBE9-4004-895D-6F42562A077F}.Ad-Hoc|Any CPU.Build.0 = Release|Any CPU
		{F9D65C8A-EBE9-4004-895D-6F42562A077F}.Ad-Hoc|Any CPU.Deploy.0 = Release|Any CPU
		{F9D65C8A-EBE9-4004-895D-6F42562A077F}.Ad-Hoc|ARM.ActiveCfg = Release|Any CPU
		{F9D65C8A-EBE9-4004-895D-6F42562A077F}.Ad-Hoc|ARM.Build.0 = Release|Any CPU
		{F9D65C8A-EBE9-4004-895D-6F42562A077F}.Ad-Hoc|ARM.Deploy.0 = Release|Any CPU
		{F9D65C8A-EBE9-4004-895D-6F42562A077F}.Ad-Hoc|iPhone.ActiveCfg = Release|Any CPU
		{F9D65C8A-EBE9-4004-895D-6F42562A077F}.Ad-Hoc|iPhone.Build.0 = Release|Any CPU
		{F9D65C8A-EBE9-4004-895D-6F42562A077F}.Ad-Hoc|iPhone.Deploy.0 = Release|Any CPU
		{F9D65C8A-EBE9-4004-895D-6F42562A077F}.Ad-Hoc|iPhoneSimulator.ActiveCfg = Release|Any CPU
		{F9D65C8A-EBE9-4004-895D-6F42562A077F}.Ad-Hoc|iPhoneSimulator.Build.0 = Release|Any CPU
		{F9D65C8A-EBE9-4004-895D-6F42562A077F}.Ad-Hoc|iPhoneSimulator.Deploy.0 = Release|Any CPU
		{F9D65C8A-EBE9-4004-895D-6F42562A077F}.Ad-Hoc|x64.ActiveCfg = Release|Any CPU
		{F9D65C8A-EBE9-4004-895D-6F42562A077F}.Ad-Hoc|x64.Build.0 = Release|Any CPU
		{F9D65C8A-EBE9-4004-895D-6F42562A077F}.Ad-Hoc|x64.Deploy.0 = Release|Any CPU
		{F9D65C8A-EBE9-4004-895D-6F42562A077F}.Ad-Hoc|x86.ActiveCfg = Release|Any CPU
		{F9D65C8A-EBE9-4004-895D-6F42562A077F}.Ad-Hoc|x86.Build.0 = Release|Any CPU
		{F9D65C8A-EBE9-4004-895D-6F42562A077F}.Ad-Hoc|x86.Deploy.0 = Release|Any CPU
		{F9D65C8A-EBE9-4004-895D-6F42562A077F}.AppStore|Any CPU.ActiveCfg = Release|Any CPU
		{F9D65C8A-EBE9-4004-895D-6F42562A077F}.AppStore|Any CPU.Build.0 = Release|Any CPU
		{F9D65C8A-EBE9-4004-895D-6F42562A077F}.AppStore|Any CPU.Deploy.0 = Release|Any CPU
		{F9D65C8A-EBE9-4004-895D-6F42562A077F}.AppStore|ARM.ActiveCfg = Release|Any CPU
		{F9D65C8A-EBE9-4004-895D-6F42562A077F}.AppStore|ARM.Build.0 = Release|Any CPU
		{F9D65C8A-EBE9-4004-895D-6F42562A077F}.AppStore|ARM.Deploy.0 = Release|Any CPU
		{F9D65C8A-EBE9-4004-895D-6F42562A077F}.AppStore|iPhone.ActiveCfg = Release|Any CPU
		{F9D65C8A-EBE9-4004-895D-6F42562A077F}.AppStore|iPhone.Build.0 = Release|Any CPU
		{F9D65C8A-EBE9-4004-895D-6F42562A077F}.AppStore|iPhone.Deploy.0 = Release|Any CPU
		{F9D65C8A-EBE9-4004-895D-6F42562A077F}.AppStore|iPhoneSimulator.ActiveCfg = Release|Any CPU
		{F9D65C8A-EBE9-4004-895D-6F42562A077F}.AppStore|iPhoneSimulator.Build.0 = Release|Any CPU
		{F9D65C8A-EBE9-4004-895D-6F42562A077F}.AppStore|iPhoneSimulator.Deploy.0 = Release|Any CPU
		{F9D65C8A-EBE9-4004-895D-6F42562A077F}.AppStore|x64.ActiveCfg = Release|Any CPU
		{F9D65C8A-EBE9-4004-895D-6F42562A077F}.AppStore|x64.Build.0 = Release|Any CPU
		{F9D65C8A-EBE9-4004-895D-6F42562A077F}.AppStore|x64.Deploy.0 = Release|Any CPU
		{F9D65C8A-EBE9-4004-895D-6F42562A077F}.AppStore|x86.ActiveCfg = Release|Any CPU
		{F9D65C8A-EBE9-4004-895D-6F42562A077F}.AppStore|x86.Build.0 = Release|Any CPU
		{F9D65C8A-EBE9-4004-895D-6F42562A077F}.AppStore|x86.Deploy.0 = Release|Any CPU
		{F9D65C8A-EBE9-4004-895D-6F42562A077F}.Debug|Any CPU.ActiveCfg = Debug|Any CPU
		{F9D65C8A-EBE9-4004-895D-6F42562A077F}.Debug|Any CPU.Build.0 = Debug|Any CPU
		{F9D65C8A-EBE9-4004-895D-6F42562A077F}.Debug|Any CPU.Deploy.0 = Debug|Any CPU
		{F9D65C8A-EBE9-4004-895D-6F42562A077F}.Debug|ARM.ActiveCfg = Debug|Any CPU
		{F9D65C8A-EBE9-4004-895D-6F42562A077F}.Debug|ARM.Build.0 = Debug|Any CPU
		{F9D65C8A-EBE9-4004-895D-6F42562A077F}.Debug|ARM.Deploy.0 = Debug|Any CPU
		{F9D65C8A-EBE9-4004-895D-6F42562A077F}.Debug|iPhone.ActiveCfg = Debug|Any CPU
		{F9D65C8A-EBE9-4004-895D-6F42562A077F}.Debug|iPhone.Build.0 = Debug|Any CPU
		{F9D65C8A-EBE9-4004-895D-6F42562A077F}.Debug|iPhone.Deploy.0 = Debug|Any CPU
		{F9D65C8A-EBE9-4004-895D-6F42562A077F}.Debug|iPhoneSimulator.ActiveCfg = Debug|Any CPU
		{F9D65C8A-EBE9-4004-895D-6F42562A077F}.Debug|iPhoneSimulator.Build.0 = Debug|Any CPU
		{F9D65C8A-EBE9-4004-895D-6F42562A077F}.Debug|iPhoneSimulator.Deploy.0 = Debug|Any CPU
		{F9D65C8A-EBE9-4004-895D-6F42562A077F}.Debug|x64.ActiveCfg = Debug|Any CPU
		{F9D65C8A-EBE9-4004-895D-6F42562A077F}.Debug|x64.Build.0 = Debug|Any CPU
		{F9D65C8A-EBE9-4004-895D-6F42562A077F}.Debug|x64.Deploy.0 = Debug|Any CPU
		{F9D65C8A-EBE9-4004-895D-6F42562A077F}.Debug|x86.ActiveCfg = Debug|Any CPU
		{F9D65C8A-EBE9-4004-895D-6F42562A077F}.Debug|x86.Build.0 = Debug|Any CPU
		{F9D65C8A-EBE9-4004-895D-6F42562A077F}.Debug|x86.Deploy.0 = Debug|Any CPU
		{F9D65C8A-EBE9-4004-895D-6F42562A077F}.Release|Any CPU.ActiveCfg = Release|Any CPU
		{F9D65C8A-EBE9-4004-895D-6F42562A077F}.Release|Any CPU.Build.0 = Release|Any CPU
		{F9D65C8A-EBE9-4004-895D-6F42562A077F}.Release|Any CPU.Deploy.0 = Release|Any CPU
		{F9D65C8A-EBE9-4004-895D-6F42562A077F}.Release|ARM.ActiveCfg = Release|Any CPU
		{F9D65C8A-EBE9-4004-895D-6F42562A077F}.Release|ARM.Build.0 = Release|Any CPU
		{F9D65C8A-EBE9-4004-895D-6F42562A077F}.Release|ARM.Deploy.0 = Release|Any CPU
		{F9D65C8A-EBE9-4004-895D-6F42562A077F}.Release|iPhone.ActiveCfg = Release|Any CPU
		{F9D65C8A-EBE9-4004-895D-6F42562A077F}.Release|iPhone.Build.0 = Release|Any CPU
		{F9D65C8A-EBE9-4004-895D-6F42562A077F}.Release|iPhone.Deploy.0 = Release|Any CPU
		{F9D65C8A-EBE9-4004-895D-6F42562A077F}.Release|iPhoneSimulator.ActiveCfg = Release|Any CPU
		{F9D65C8A-EBE9-4004-895D-6F42562A077F}.Release|iPhoneSimulator.Build.0 = Release|Any CPU
		{F9D65C8A-EBE9-4004-895D-6F42562A077F}.Release|iPhoneSimulator.Deploy.0 = Release|Any CPU
		{F9D65C8A-EBE9-4004-895D-6F42562A077F}.Release|x64.ActiveCfg = Release|Any CPU
		{F9D65C8A-EBE9-4004-895D-6F42562A077F}.Release|x64.Build.0 = Release|Any CPU
		{F9D65C8A-EBE9-4004-895D-6F42562A077F}.Release|x64.Deploy.0 = Release|Any CPU
		{F9D65C8A-EBE9-4004-895D-6F42562A077F}.Release|x86.ActiveCfg = Release|Any CPU
		{F9D65C8A-EBE9-4004-895D-6F42562A077F}.Release|x86.Build.0 = Release|Any CPU
		{F9D65C8A-EBE9-4004-895D-6F42562A077F}.Release|x86.Deploy.0 = Release|Any CPU
		{5074A032-95A7-4CD5-A30E-14F6FCA9C74C}.Ad-Hoc|Any CPU.ActiveCfg = Ad-Hoc|iPhone
		{5074A032-95A7-4CD5-A30E-14F6FCA9C74C}.Ad-Hoc|ARM.ActiveCfg = Ad-Hoc|iPhone
		{5074A032-95A7-4CD5-A30E-14F6FCA9C74C}.Ad-Hoc|iPhone.ActiveCfg = Ad-Hoc|iPhone
		{5074A032-95A7-4CD5-A30E-14F6FCA9C74C}.Ad-Hoc|iPhone.Build.0 = Ad-Hoc|iPhone
		{5074A032-95A7-4CD5-A30E-14F6FCA9C74C}.Ad-Hoc|iPhoneSimulator.ActiveCfg = Ad-Hoc|iPhoneSimulator
		{5074A032-95A7-4CD5-A30E-14F6FCA9C74C}.Ad-Hoc|iPhoneSimulator.Build.0 = Ad-Hoc|iPhoneSimulator
		{5074A032-95A7-4CD5-A30E-14F6FCA9C74C}.Ad-Hoc|x64.ActiveCfg = Ad-Hoc|iPhone
		{5074A032-95A7-4CD5-A30E-14F6FCA9C74C}.Ad-Hoc|x86.ActiveCfg = Ad-Hoc|iPhone
		{5074A032-95A7-4CD5-A30E-14F6FCA9C74C}.AppStore|Any CPU.ActiveCfg = AppStore|iPhone
		{5074A032-95A7-4CD5-A30E-14F6FCA9C74C}.AppStore|ARM.ActiveCfg = AppStore|iPhone
		{5074A032-95A7-4CD5-A30E-14F6FCA9C74C}.AppStore|iPhone.ActiveCfg = AppStore|iPhone
		{5074A032-95A7-4CD5-A30E-14F6FCA9C74C}.AppStore|iPhone.Build.0 = AppStore|iPhone
		{5074A032-95A7-4CD5-A30E-14F6FCA9C74C}.AppStore|iPhoneSimulator.ActiveCfg = AppStore|iPhoneSimulator
		{5074A032-95A7-4CD5-A30E-14F6FCA9C74C}.AppStore|iPhoneSimulator.Build.0 = AppStore|iPhoneSimulator
		{5074A032-95A7-4CD5-A30E-14F6FCA9C74C}.AppStore|x64.ActiveCfg = AppStore|iPhone
		{5074A032-95A7-4CD5-A30E-14F6FCA9C74C}.AppStore|x86.ActiveCfg = AppStore|iPhone
		{5074A032-95A7-4CD5-A30E-14F6FCA9C74C}.Debug|Any CPU.ActiveCfg = Debug|iPhone
		{5074A032-95A7-4CD5-A30E-14F6FCA9C74C}.Debug|ARM.ActiveCfg = Debug|iPhone
		{5074A032-95A7-4CD5-A30E-14F6FCA9C74C}.Debug|iPhone.ActiveCfg = Debug|iPhone
		{5074A032-95A7-4CD5-A30E-14F6FCA9C74C}.Debug|iPhone.Build.0 = Debug|iPhone
		{5074A032-95A7-4CD5-A30E-14F6FCA9C74C}.Debug|iPhoneSimulator.ActiveCfg = Debug|iPhoneSimulator
		{5074A032-95A7-4CD5-A30E-14F6FCA9C74C}.Debug|iPhoneSimulator.Build.0 = Debug|iPhoneSimulator
		{5074A032-95A7-4CD5-A30E-14F6FCA9C74C}.Debug|x64.ActiveCfg = Debug|iPhone
		{5074A032-95A7-4CD5-A30E-14F6FCA9C74C}.Debug|x86.ActiveCfg = Debug|iPhone
		{5074A032-95A7-4CD5-A30E-14F6FCA9C74C}.Release|Any CPU.ActiveCfg = Release|iPhone
		{5074A032-95A7-4CD5-A30E-14F6FCA9C74C}.Release|ARM.ActiveCfg = Release|iPhone
		{5074A032-95A7-4CD5-A30E-14F6FCA9C74C}.Release|iPhone.ActiveCfg = Release|iPhone
		{5074A032-95A7-4CD5-A30E-14F6FCA9C74C}.Release|iPhone.Build.0 = Release|iPhone
		{5074A032-95A7-4CD5-A30E-14F6FCA9C74C}.Release|iPhoneSimulator.ActiveCfg = Release|iPhoneSimulator
		{5074A032-95A7-4CD5-A30E-14F6FCA9C74C}.Release|iPhoneSimulator.Build.0 = Release|iPhoneSimulator
		{5074A032-95A7-4CD5-A30E-14F6FCA9C74C}.Release|x64.ActiveCfg = Release|iPhone
		{5074A032-95A7-4CD5-A30E-14F6FCA9C74C}.Release|x86.ActiveCfg = Release|iPhone
		{B2EFA6DA-D035-4E67-BB5C-542930A72608}.Ad-Hoc|Any CPU.ActiveCfg = Release|x86
		{B2EFA6DA-D035-4E67-BB5C-542930A72608}.Ad-Hoc|Any CPU.Build.0 = Release|x86
		{B2EFA6DA-D035-4E67-BB5C-542930A72608}.Ad-Hoc|Any CPU.Deploy.0 = Release|x86
		{B2EFA6DA-D035-4E67-BB5C-542930A72608}.Ad-Hoc|ARM.ActiveCfg = Release|ARM
		{B2EFA6DA-D035-4E67-BB5C-542930A72608}.Ad-Hoc|ARM.Build.0 = Release|ARM
		{B2EFA6DA-D035-4E67-BB5C-542930A72608}.Ad-Hoc|ARM.Deploy.0 = Release|ARM
		{B2EFA6DA-D035-4E67-BB5C-542930A72608}.Ad-Hoc|iPhone.ActiveCfg = Release|x86
		{B2EFA6DA-D035-4E67-BB5C-542930A72608}.Ad-Hoc|iPhone.Build.0 = Release|x86
		{B2EFA6DA-D035-4E67-BB5C-542930A72608}.Ad-Hoc|iPhone.Deploy.0 = Release|x86
		{B2EFA6DA-D035-4E67-BB5C-542930A72608}.Ad-Hoc|iPhoneSimulator.ActiveCfg = Release|x86
		{B2EFA6DA-D035-4E67-BB5C-542930A72608}.Ad-Hoc|iPhoneSimulator.Build.0 = Release|x86
		{B2EFA6DA-D035-4E67-BB5C-542930A72608}.Ad-Hoc|iPhoneSimulator.Deploy.0 = Release|x86
		{B2EFA6DA-D035-4E67-BB5C-542930A72608}.Ad-Hoc|x64.ActiveCfg = Release|x64
		{B2EFA6DA-D035-4E67-BB5C-542930A72608}.Ad-Hoc|x64.Build.0 = Release|x64
		{B2EFA6DA-D035-4E67-BB5C-542930A72608}.Ad-Hoc|x64.Deploy.0 = Release|x64
		{B2EFA6DA-D035-4E67-BB5C-542930A72608}.Ad-Hoc|x86.ActiveCfg = Release|x86
		{B2EFA6DA-D035-4E67-BB5C-542930A72608}.Ad-Hoc|x86.Build.0 = Release|x86
		{B2EFA6DA-D035-4E67-BB5C-542930A72608}.Ad-Hoc|x86.Deploy.0 = Release|x86
		{B2EFA6DA-D035-4E67-BB5C-542930A72608}.AppStore|Any CPU.ActiveCfg = Release|x86
		{B2EFA6DA-D035-4E67-BB5C-542930A72608}.AppStore|Any CPU.Build.0 = Release|x86
		{B2EFA6DA-D035-4E67-BB5C-542930A72608}.AppStore|Any CPU.Deploy.0 = Release|x86
		{B2EFA6DA-D035-4E67-BB5C-542930A72608}.AppStore|ARM.ActiveCfg = Release|ARM
		{B2EFA6DA-D035-4E67-BB5C-542930A72608}.AppStore|ARM.Build.0 = Release|ARM
		{B2EFA6DA-D035-4E67-BB5C-542930A72608}.AppStore|ARM.Deploy.0 = Release|ARM
		{B2EFA6DA-D035-4E67-BB5C-542930A72608}.AppStore|iPhone.ActiveCfg = Release|x86
		{B2EFA6DA-D035-4E67-BB5C-542930A72608}.AppStore|iPhone.Build.0 = Release|x86
		{B2EFA6DA-D035-4E67-BB5C-542930A72608}.AppStore|iPhone.Deploy.0 = Release|x86
		{B2EFA6DA-D035-4E67-BB5C-542930A72608}.AppStore|iPhoneSimulator.ActiveCfg = Release|x86
		{B2EFA6DA-D035-4E67-BB5C-542930A72608}.AppStore|iPhoneSimulator.Build.0 = Release|x86
		{B2EFA6DA-D035-4E67-BB5C-542930A72608}.AppStore|iPhoneSimulator.Deploy.0 = Release|x86
		{B2EFA6DA-D035-4E67-BB5C-542930A72608}.AppStore|x64.ActiveCfg = Release|x64
		{B2EFA6DA-D035-4E67-BB5C-542930A72608}.AppStore|x64.Build.0 = Release|x64
		{B2EFA6DA-D035-4E67-BB5C-542930A72608}.AppStore|x64.Deploy.0 = Release|x64
		{B2EFA6DA-D035-4E67-BB5C-542930A72608}.AppStore|x86.ActiveCfg = Release|x86
		{B2EFA6DA-D035-4E67-BB5C-542930A72608}.AppStore|x86.Build.0 = Release|x86
		{B2EFA6DA-D035-4E67-BB5C-542930A72608}.AppStore|x86.Deploy.0 = Release|x86
		{B2EFA6DA-D035-4E67-BB5C-542930A72608}.Debug|Any CPU.ActiveCfg = Debug|x86
		{B2EFA6DA-D035-4E67-BB5C-542930A72608}.Debug|ARM.ActiveCfg = Debug|ARM
		{B2EFA6DA-D035-4E67-BB5C-542930A72608}.Debug|ARM.Build.0 = Debug|ARM
		{B2EFA6DA-D035-4E67-BB5C-542930A72608}.Debug|ARM.Deploy.0 = Debug|ARM
		{B2EFA6DA-D035-4E67-BB5C-542930A72608}.Debug|iPhone.ActiveCfg = Debug|x86
		{B2EFA6DA-D035-4E67-BB5C-542930A72608}.Debug|iPhoneSimulator.ActiveCfg = Debug|x86
		{B2EFA6DA-D035-4E67-BB5C-542930A72608}.Debug|x64.ActiveCfg = Debug|x64
		{B2EFA6DA-D035-4E67-BB5C-542930A72608}.Debug|x64.Build.0 = Debug|x64
		{B2EFA6DA-D035-4E67-BB5C-542930A72608}.Debug|x64.Deploy.0 = Debug|x64
		{B2EFA6DA-D035-4E67-BB5C-542930A72608}.Debug|x86.ActiveCfg = Debug|x86
		{B2EFA6DA-D035-4E67-BB5C-542930A72608}.Debug|x86.Build.0 = Debug|x86
		{B2EFA6DA-D035-4E67-BB5C-542930A72608}.Debug|x86.Deploy.0 = Debug|x86
		{B2EFA6DA-D035-4E67-BB5C-542930A72608}.Release|Any CPU.ActiveCfg = Release|x86
		{B2EFA6DA-D035-4E67-BB5C-542930A72608}.Release|ARM.ActiveCfg = Release|ARM
		{B2EFA6DA-D035-4E67-BB5C-542930A72608}.Release|ARM.Build.0 = Release|ARM
		{B2EFA6DA-D035-4E67-BB5C-542930A72608}.Release|ARM.Deploy.0 = Release|ARM
		{B2EFA6DA-D035-4E67-BB5C-542930A72608}.Release|iPhone.ActiveCfg = Release|x86
		{B2EFA6DA-D035-4E67-BB5C-542930A72608}.Release|iPhoneSimulator.ActiveCfg = Release|x86
		{B2EFA6DA-D035-4E67-BB5C-542930A72608}.Release|x64.ActiveCfg = Release|x64
		{B2EFA6DA-D035-4E67-BB5C-542930A72608}.Release|x64.Build.0 = Release|x64
		{B2EFA6DA-D035-4E67-BB5C-542930A72608}.Release|x64.Deploy.0 = Release|x64
		{B2EFA6DA-D035-4E67-BB5C-542930A72608}.Release|x86.ActiveCfg = Release|x86
		{B2EFA6DA-D035-4E67-BB5C-542930A72608}.Release|x86.Build.0 = Release|x86
		{B2EFA6DA-D035-4E67-BB5C-542930A72608}.Release|x86.Deploy.0 = Release|x86
		{1382CF2D-B7D3-46FB-92E1-DC8B55F675A4}.Ad-Hoc|Any CPU.ActiveCfg = Debug|Any CPU
		{1382CF2D-B7D3-46FB-92E1-DC8B55F675A4}.Ad-Hoc|Any CPU.Build.0 = Debug|Any CPU
		{1382CF2D-B7D3-46FB-92E1-DC8B55F675A4}.Ad-Hoc|ARM.ActiveCfg = Debug|Any CPU
		{1382CF2D-B7D3-46FB-92E1-DC8B55F675A4}.Ad-Hoc|ARM.Build.0 = Debug|Any CPU
		{1382CF2D-B7D3-46FB-92E1-DC8B55F675A4}.Ad-Hoc|iPhone.ActiveCfg = Debug|Any CPU
		{1382CF2D-B7D3-46FB-92E1-DC8B55F675A4}.Ad-Hoc|iPhone.Build.0 = Debug|Any CPU
		{1382CF2D-B7D3-46FB-92E1-DC8B55F675A4}.Ad-Hoc|iPhoneSimulator.ActiveCfg = Debug|Any CPU
		{1382CF2D-B7D3-46FB-92E1-DC8B55F675A4}.Ad-Hoc|iPhoneSimulator.Build.0 = Debug|Any CPU
		{1382CF2D-B7D3-46FB-92E1-DC8B55F675A4}.Ad-Hoc|x64.ActiveCfg = Debug|Any CPU
		{1382CF2D-B7D3-46FB-92E1-DC8B55F675A4}.Ad-Hoc|x64.Build.0 = Debug|Any CPU
		{1382CF2D-B7D3-46FB-92E1-DC8B55F675A4}.Ad-Hoc|x86.ActiveCfg = Debug|Any CPU
		{1382CF2D-B7D3-46FB-92E1-DC8B55F675A4}.Ad-Hoc|x86.Build.0 = Debug|Any CPU
		{1382CF2D-B7D3-46FB-92E1-DC8B55F675A4}.AppStore|Any CPU.ActiveCfg = Debug|Any CPU
		{1382CF2D-B7D3-46FB-92E1-DC8B55F675A4}.AppStore|Any CPU.Build.0 = Debug|Any CPU
		{1382CF2D-B7D3-46FB-92E1-DC8B55F675A4}.AppStore|ARM.ActiveCfg = Debug|Any CPU
		{1382CF2D-B7D3-46FB-92E1-DC8B55F675A4}.AppStore|ARM.Build.0 = Debug|Any CPU
		{1382CF2D-B7D3-46FB-92E1-DC8B55F675A4}.AppStore|iPhone.ActiveCfg = Debug|Any CPU
		{1382CF2D-B7D3-46FB-92E1-DC8B55F675A4}.AppStore|iPhone.Build.0 = Debug|Any CPU
		{1382CF2D-B7D3-46FB-92E1-DC8B55F675A4}.AppStore|iPhoneSimulator.ActiveCfg = Debug|Any CPU
		{1382CF2D-B7D3-46FB-92E1-DC8B55F675A4}.AppStore|iPhoneSimulator.Build.0 = Debug|Any CPU
		{1382CF2D-B7D3-46FB-92E1-DC8B55F675A4}.AppStore|x64.ActiveCfg = Debug|Any CPU
		{1382CF2D-B7D3-46FB-92E1-DC8B55F675A4}.AppStore|x64.Build.0 = Debug|Any CPU
		{1382CF2D-B7D3-46FB-92E1-DC8B55F675A4}.AppStore|x86.ActiveCfg = Debug|Any CPU
		{1382CF2D-B7D3-46FB-92E1-DC8B55F675A4}.AppStore|x86.Build.0 = Debug|Any CPU
		{1382CF2D-B7D3-46FB-92E1-DC8B55F675A4}.Debug|Any CPU.ActiveCfg = Debug|Any CPU
		{1382CF2D-B7D3-46FB-92E1-DC8B55F675A4}.Debug|Any CPU.Build.0 = Debug|Any CPU
		{1382CF2D-B7D3-46FB-92E1-DC8B55F675A4}.Debug|ARM.ActiveCfg = Debug|Any CPU
		{1382CF2D-B7D3-46FB-92E1-DC8B55F675A4}.Debug|ARM.Build.0 = Debug|Any CPU
		{1382CF2D-B7D3-46FB-92E1-DC8B55F675A4}.Debug|iPhone.ActiveCfg = Debug|Any CPU
		{1382CF2D-B7D3-46FB-92E1-DC8B55F675A4}.Debug|iPhone.Build.0 = Debug|Any CPU
		{1382CF2D-B7D3-46FB-92E1-DC8B55F675A4}.Debug|iPhoneSimulator.ActiveCfg = Debug|Any CPU
		{1382CF2D-B7D3-46FB-92E1-DC8B55F675A4}.Debug|iPhoneSimulator.Build.0 = Debug|Any CPU
		{1382CF2D-B7D3-46FB-92E1-DC8B55F675A4}.Debug|x64.ActiveCfg = Debug|Any CPU
		{1382CF2D-B7D3-46FB-92E1-DC8B55F675A4}.Debug|x64.Build.0 = Debug|Any CPU
		{1382CF2D-B7D3-46FB-92E1-DC8B55F675A4}.Debug|x86.ActiveCfg = Debug|Any CPU
		{1382CF2D-B7D3-46FB-92E1-DC8B55F675A4}.Debug|x86.Build.0 = Debug|Any CPU
		{1382CF2D-B7D3-46FB-92E1-DC8B55F675A4}.Release|Any CPU.ActiveCfg = Release|Any CPU
		{1382CF2D-B7D3-46FB-92E1-DC8B55F675A4}.Release|Any CPU.Build.0 = Release|Any CPU
		{1382CF2D-B7D3-46FB-92E1-DC8B55F675A4}.Release|ARM.ActiveCfg = Release|Any CPU
		{1382CF2D-B7D3-46FB-92E1-DC8B55F675A4}.Release|ARM.Build.0 = Release|Any CPU
		{1382CF2D-B7D3-46FB-92E1-DC8B55F675A4}.Release|iPhone.ActiveCfg = Release|Any CPU
		{1382CF2D-B7D3-46FB-92E1-DC8B55F675A4}.Release|iPhone.Build.0 = Release|Any CPU
		{1382CF2D-B7D3-46FB-92E1-DC8B55F675A4}.Release|iPhoneSimulator.ActiveCfg = Release|Any CPU
		{1382CF2D-B7D3-46FB-92E1-DC8B55F675A4}.Release|iPhoneSimulator.Build.0 = Release|Any CPU
		{1382CF2D-B7D3-46FB-92E1-DC8B55F675A4}.Release|x64.ActiveCfg = Release|Any CPU
		{1382CF2D-B7D3-46FB-92E1-DC8B55F675A4}.Release|x64.Build.0 = Release|Any CPU
		{1382CF2D-B7D3-46FB-92E1-DC8B55F675A4}.Release|x86.ActiveCfg = Release|Any CPU
		{1382CF2D-B7D3-46FB-92E1-DC8B55F675A4}.Release|x86.Build.0 = Release|Any CPU
		{0C853230-84D7-4180-A7E6-88CFF0C89FDE}.Ad-Hoc|Any CPU.ActiveCfg = Release|Any CPU
		{0C853230-84D7-4180-A7E6-88CFF0C89FDE}.Ad-Hoc|Any CPU.Build.0 = Release|Any CPU
		{0C853230-84D7-4180-A7E6-88CFF0C89FDE}.Ad-Hoc|ARM.ActiveCfg = Release|Any CPU
		{0C853230-84D7-4180-A7E6-88CFF0C89FDE}.Ad-Hoc|ARM.Build.0 = Release|Any CPU
		{0C853230-84D7-4180-A7E6-88CFF0C89FDE}.Ad-Hoc|iPhone.ActiveCfg = Release|Any CPU
		{0C853230-84D7-4180-A7E6-88CFF0C89FDE}.Ad-Hoc|iPhone.Build.0 = Release|Any CPU
		{0C853230-84D7-4180-A7E6-88CFF0C89FDE}.Ad-Hoc|iPhoneSimulator.ActiveCfg = Release|Any CPU
		{0C853230-84D7-4180-A7E6-88CFF0C89FDE}.Ad-Hoc|iPhoneSimulator.Build.0 = Release|Any CPU
		{0C853230-84D7-4180-A7E6-88CFF0C89FDE}.Ad-Hoc|x64.ActiveCfg = Release|Any CPU
		{0C853230-84D7-4180-A7E6-88CFF0C89FDE}.Ad-Hoc|x64.Build.0 = Release|Any CPU
		{0C853230-84D7-4180-A7E6-88CFF0C89FDE}.Ad-Hoc|x86.ActiveCfg = Release|Any CPU
		{0C853230-84D7-4180-A7E6-88CFF0C89FDE}.Ad-Hoc|x86.Build.0 = Release|Any CPU
		{0C853230-84D7-4180-A7E6-88CFF0C89FDE}.AppStore|Any CPU.ActiveCfg = Release|Any CPU
		{0C853230-84D7-4180-A7E6-88CFF0C89FDE}.AppStore|Any CPU.Build.0 = Release|Any CPU
		{0C853230-84D7-4180-A7E6-88CFF0C89FDE}.AppStore|ARM.ActiveCfg = Release|Any CPU
		{0C853230-84D7-4180-A7E6-88CFF0C89FDE}.AppStore|ARM.Build.0 = Release|Any CPU
		{0C853230-84D7-4180-A7E6-88CFF0C89FDE}.AppStore|iPhone.ActiveCfg = Release|Any CPU
		{0C853230-84D7-4180-A7E6-88CFF0C89FDE}.AppStore|iPhone.Build.0 = Release|Any CPU
		{0C853230-84D7-4180-A7E6-88CFF0C89FDE}.AppStore|iPhoneSimulator.ActiveCfg = Release|Any CPU
		{0C853230-84D7-4180-A7E6-88CFF0C89FDE}.AppStore|iPhoneSimulator.Build.0 = Release|Any CPU
		{0C853230-84D7-4180-A7E6-88CFF0C89FDE}.AppStore|x64.ActiveCfg = Release|Any CPU
		{0C853230-84D7-4180-A7E6-88CFF0C89FDE}.AppStore|x64.Build.0 = Release|Any CPU
		{0C853230-84D7-4180-A7E6-88CFF0C89FDE}.AppStore|x86.ActiveCfg = Release|Any CPU
		{0C853230-84D7-4180-A7E6-88CFF0C89FDE}.AppStore|x86.Build.0 = Release|Any CPU
		{0C853230-84D7-4180-A7E6-88CFF0C89FDE}.Debug|Any CPU.ActiveCfg = Debug|Any CPU
		{0C853230-84D7-4180-A7E6-88CFF0C89FDE}.Debug|Any CPU.Build.0 = Debug|Any CPU
		{0C853230-84D7-4180-A7E6-88CFF0C89FDE}.Debug|ARM.ActiveCfg = Debug|Any CPU
		{0C853230-84D7-4180-A7E6-88CFF0C89FDE}.Debug|ARM.Build.0 = Debug|Any CPU
		{0C853230-84D7-4180-A7E6-88CFF0C89FDE}.Debug|iPhone.ActiveCfg = Debug|Any CPU
		{0C853230-84D7-4180-A7E6-88CFF0C89FDE}.Debug|iPhone.Build.0 = Debug|Any CPU
		{0C853230-84D7-4180-A7E6-88CFF0C89FDE}.Debug|iPhoneSimulator.ActiveCfg = Debug|Any CPU
		{0C853230-84D7-4180-A7E6-88CFF0C89FDE}.Debug|iPhoneSimulator.Build.0 = Debug|Any CPU
		{0C853230-84D7-4180-A7E6-88CFF0C89FDE}.Debug|x64.ActiveCfg = Debug|Any CPU
		{0C853230-84D7-4180-A7E6-88CFF0C89FDE}.Debug|x64.Build.0 = Debug|Any CPU
		{0C853230-84D7-4180-A7E6-88CFF0C89FDE}.Debug|x86.ActiveCfg = Debug|Any CPU
		{0C853230-84D7-4180-A7E6-88CFF0C89FDE}.Debug|x86.Build.0 = Debug|Any CPU
		{0C853230-84D7-4180-A7E6-88CFF0C89FDE}.Release|Any CPU.ActiveCfg = Release|Any CPU
		{0C853230-84D7-4180-A7E6-88CFF0C89FDE}.Release|Any CPU.Build.0 = Release|Any CPU
		{0C853230-84D7-4180-A7E6-88CFF0C89FDE}.Release|ARM.ActiveCfg = Release|Any CPU
		{0C853230-84D7-4180-A7E6-88CFF0C89FDE}.Release|ARM.Build.0 = Release|Any CPU
		{0C853230-84D7-4180-A7E6-88CFF0C89FDE}.Release|iPhone.ActiveCfg = Release|Any CPU
		{0C853230-84D7-4180-A7E6-88CFF0C89FDE}.Release|iPhone.Build.0 = Release|Any CPU
		{0C853230-84D7-4180-A7E6-88CFF0C89FDE}.Release|iPhoneSimulator.ActiveCfg = Release|Any CPU
		{0C853230-84D7-4180-A7E6-88CFF0C89FDE}.Release|iPhoneSimulator.Build.0 = Release|Any CPU
		{0C853230-84D7-4180-A7E6-88CFF0C89FDE}.Release|x64.ActiveCfg = Release|Any CPU
		{0C853230-84D7-4180-A7E6-88CFF0C89FDE}.Release|x64.Build.0 = Release|Any CPU
		{0C853230-84D7-4180-A7E6-88CFF0C89FDE}.Release|x86.ActiveCfg = Release|Any CPU
		{0C853230-84D7-4180-A7E6-88CFF0C89FDE}.Release|x86.Build.0 = Release|Any CPU
	EndGlobalSection
	GlobalSection(SolutionProperties) = preSolution
		HideSolutionNode = FALSE
	EndGlobalSection
	GlobalSection(ExtensibilityGlobals) = postSolution
		SolutionGuid = {24FC41D2-8E53-40B2-A617-654CA2640A48}
	EndGlobalSection
EndGlobal
