
Microsoft Visual Studio Solution File, Format Version 12.00
# Visual Studio 15
VisualStudioVersion = 15.0.28107.0
MinimumVisualStudioVersion = 10.0.40219.1
Project("{FAE04EC0-301F-11D3-BF4B-00C04F79EFBC}") = "PayDaySample01.Web", "PayDaySample01.Web\PayDaySample01.Web.csproj", "{C3F6D03C-C72F-40DC-94C2-9D915E8C398B}"
EndProject
Project("{FAE04EC0-301F-11D3-BF4B-00C04F79EFBC}") = "PayDaySample01.Domain", "PayDaySample01.Domain\PayDaySample01.Domain.csproj", "{C626BF4A-2518-4587-BB61-A1FF4E91E303}"
EndProject
Project("{FAE04EC0-301F-11D3-BF4B-00C04F79EFBC}") = "PayDaySample01.API", "PayDaySample01.API\PayDaySample01.API.csproj", "{590EE745-8EFA-421E-954D-0D46762F0823}"
EndProject
Project("{FAE04EC0-301F-11D3-BF4B-00C04F79EFBC}") = "PayDaySample01.Mobile.Android", "PayDaySample01.Mobile\PayDaySample01.Mobile.Android\PayDaySample01.Mobile.Android.csproj", "{63AC4287-52CC-4DFC-A62E-63310D02D582}"
EndProject
Project("{FAE04EC0-301F-11D3-BF4B-00C04F79EFBC}") = "PayDaySample01.Mobile.iOS", "PayDaySample01.Mobile\PayDaySample01.Mobile.iOS\PayDaySample01.Mobile.iOS.csproj", "{FDBEC56B-999B-4EDA-82DC-BE5612DD05FA}"
EndProject
Project("{FAE04EC0-301F-11D3-BF4B-00C04F79EFBC}") = "PayDaySample01.Mobile.UWP", "PayDaySample01.Mobile\PayDaySample01.Mobile.UWP\PayDaySample01.Mobile.UWP.csproj", "{FC3526BC-826F-4A7A-919F-274EAE4E328E}"
EndProject
Project("{FAE04EC0-301F-11D3-BF4B-00C04F79EFBC}") = "PayDaySample01.Mobile", "PayDaySample01.Mobile\PayDaySample01.Mobile\PayDaySample01.Mobile.csproj", "{32E197F2-1EFF-499E-B3D6-8E85A4A7C689}"
EndProject
Global
	GlobalSection(SolutionConfigurationPlatforms) = preSolution
		Ad-Hoc|Any CPU = Ad-Hoc|Any CPU
		Ad-Hoc|ARM = Ad-Hoc|ARM
		Ad-Hoc|iPhone = Ad-Hoc|iPhone
		Ad-Hoc|iPhoneSimulator = Ad-Hoc|iPhoneSimulator
		Ad-Hoc|x64 = Ad-Hoc|x64
		Ad-Hoc|x86 = Ad-Hoc|x86
		AppStore|Any CPU = AppStore|Any CPU
		AppStore|ARM = AppStore|ARM
		AppStore|iPhone = AppStore|iPhone
		AppStore|iPhoneSimulator = AppStore|iPhoneSimulator
		AppStore|x64 = AppStore|x64
		AppStore|x86 = AppStore|x86
		Debug|Any CPU = Debug|Any CPU
		Debug|ARM = Debug|ARM
		Debug|iPhone = Debug|iPhone
		Debug|iPhoneSimulator = Debug|iPhoneSimulator
		Debug|x64 = Debug|x64
		Debug|x86 = Debug|x86
		Release|Any CPU = Release|Any CPU
		Release|ARM = Release|ARM
		Release|iPhone = Release|iPhone
		Release|iPhoneSimulator = Release|iPhoneSimulator
		Release|x64 = Release|x64
		Release|x86 = Release|x86
	EndGlobalSection
	GlobalSection(ProjectConfigurationPlatforms) = postSolution
		{C3F6D03C-C72F-40DC-94C2-9D915E8C398B}.Ad-Hoc|Any CPU.ActiveCfg = Release|Any CPU
		{C3F6D03C-C72F-40DC-94C2-9D915E8C398B}.Ad-Hoc|Any CPU.Build.0 = Release|Any CPU
		{C3F6D03C-C72F-40DC-94C2-9D915E8C398B}.Ad-Hoc|ARM.ActiveCfg = Release|Any CPU
		{C3F6D03C-C72F-40DC-94C2-9D915E8C398B}.Ad-Hoc|ARM.Build.0 = Release|Any CPU
		{C3F6D03C-C72F-40DC-94C2-9D915E8C398B}.Ad-Hoc|iPhone.ActiveCfg = Release|Any CPU
		{C3F6D03C-C72F-40DC-94C2-9D915E8C398B}.Ad-Hoc|iPhone.Build.0 = Release|Any CPU
		{C3F6D03C-C72F-40DC-94C2-9D915E8C398B}.Ad-Hoc|iPhoneSimulator.ActiveCfg = Release|Any CPU
		{C3F6D03C-C72F-40DC-94C2-9D915E8C398B}.Ad-Hoc|iPhoneSimulator.Build.0 = Release|Any CPU
		{C3F6D03C-C72F-40DC-94C2-9D915E8C398B}.Ad-Hoc|x64.ActiveCfg = Release|Any CPU
		{C3F6D03C-C72F-40DC-94C2-9D915E8C398B}.Ad-Hoc|x64.Build.0 = Release|Any CPU
		{C3F6D03C-C72F-40DC-94C2-9D915E8C398B}.Ad-Hoc|x86.ActiveCfg = Release|Any CPU
		{C3F6D03C-C72F-40DC-94C2-9D915E8C398B}.Ad-Hoc|x86.Build.0 = Release|Any CPU
		{C3F6D03C-C72F-40DC-94C2-9D915E8C398B}.AppStore|Any CPU.ActiveCfg = Release|Any CPU
		{C3F6D03C-C72F-40DC-94C2-9D915E8C398B}.AppStore|Any CPU.Build.0 = Release|Any CPU
		{C3F6D03C-C72F-40DC-94C2-9D915E8C398B}.AppStore|ARM.ActiveCfg = Release|Any CPU
		{C3F6D03C-C72F-40DC-94C2-9D915E8C398B}.AppStore|ARM.Build.0 = Release|Any CPU
		{C3F6D03C-C72F-40DC-94C2-9D915E8C398B}.AppStore|iPhone.ActiveCfg = Release|Any CPU
		{C3F6D03C-C72F-40DC-94C2-9D915E8C398B}.AppStore|iPhone.Build.0 = Release|Any CPU
		{C3F6D03C-C72F-40DC-94C2-9D915E8C398B}.AppStore|iPhoneSimulator.ActiveCfg = Release|Any CPU
		{C3F6D03C-C72F-40DC-94C2-9D915E8C398B}.AppStore|iPhoneSimulator.Build.0 = Release|Any CPU
		{C3F6D03C-C72F-40DC-94C2-9D915E8C398B}.AppStore|x64.ActiveCfg = Release|Any CPU
		{C3F6D03C-C72F-40DC-94C2-9D915E8C398B}.AppStore|x64.Build.0 = Release|Any CPU
		{C3F6D03C-C72F-40DC-94C2-9D915E8C398B}.AppStore|x86.ActiveCfg = Release|Any CPU
		{C3F6D03C-C72F-40DC-94C2-9D915E8C398B}.AppStore|x86.Build.0 = Release|Any CPU
		{C3F6D03C-C72F-40DC-94C2-9D915E8C398B}.Debug|Any CPU.ActiveCfg = Debug|Any CPU
		{C3F6D03C-C72F-40DC-94C2-9D915E8C398B}.Debug|Any CPU.Build.0 = Debug|Any CPU
		{C3F6D03C-C72F-40DC-94C2-9D915E8C398B}.Debug|ARM.ActiveCfg = Debug|Any CPU
		{C3F6D03C-C72F-40DC-94C2-9D915E8C398B}.Debug|ARM.Build.0 = Debug|Any CPU
		{C3F6D03C-C72F-40DC-94C2-9D915E8C398B}.Debug|iPhone.ActiveCfg = Debug|Any CPU
		{C3F6D03C-C72F-40DC-94C2-9D915E8C398B}.Debug|iPhone.Build.0 = Debug|Any CPU
		{C3F6D03C-C72F-40DC-94C2-9D915E8C398B}.Debug|iPhoneSimulator.ActiveCfg = Debug|Any CPU
		{C3F6D03C-C72F-40DC-94C2-9D915E8C398B}.Debug|iPhoneSimulator.Build.0 = Debug|Any CPU
		{C3F6D03C-C72F-40DC-94C2-9D915E8C398B}.Debug|x64.ActiveCfg = Debug|Any CPU
		{C3F6D03C-C72F-40DC-94C2-9D915E8C398B}.Debug|x64.Build.0 = Debug|Any CPU
		{C3F6D03C-C72F-40DC-94C2-9D915E8C398B}.Debug|x86.ActiveCfg = Debug|Any CPU
		{C3F6D03C-C72F-40DC-94C2-9D915E8C398B}.Debug|x86.Build.0 = Debug|Any CPU
		{C3F6D03C-C72F-40DC-94C2-9D915E8C398B}.Release|Any CPU.ActiveCfg = Release|Any CPU
		{C3F6D03C-C72F-40DC-94C2-9D915E8C398B}.Release|Any CPU.Build.0 = Release|Any CPU
		{C3F6D03C-C72F-40DC-94C2-9D915E8C398B}.Release|ARM.ActiveCfg = Release|Any CPU
		{C3F6D03C-C72F-40DC-94C2-9D915E8C398B}.Release|ARM.Build.0 = Release|Any CPU
		{C3F6D03C-C72F-40DC-94C2-9D915E8C398B}.Release|iPhone.ActiveCfg = Release|Any CPU
		{C3F6D03C-C72F-40DC-94C2-9D915E8C398B}.Release|iPhone.Build.0 = Release|Any CPU
		{C3F6D03C-C72F-40DC-94C2-9D915E8C398B}.Release|iPhoneSimulator.ActiveCfg = Release|Any CPU
		{C3F6D03C-C72F-40DC-94C2-9D915E8C398B}.Release|iPhoneSimulator.Build.0 = Release|Any CPU
		{C3F6D03C-C72F-40DC-94C2-9D915E8C398B}.Release|x64.ActiveCfg = Release|Any CPU
		{C3F6D03C-C72F-40DC-94C2-9D915E8C398B}.Release|x64.Build.0 = Release|Any CPU
		{C3F6D03C-C72F-40DC-94C2-9D915E8C398B}.Release|x86.ActiveCfg = Release|Any CPU
		{C3F6D03C-C72F-40DC-94C2-9D915E8C398B}.Release|x86.Build.0 = Release|Any CPU
		{C626BF4A-2518-4587-BB61-A1FF4E91E303}.Ad-Hoc|Any CPU.ActiveCfg = Release|Any CPU
		{C626BF4A-2518-4587-BB61-A1FF4E91E303}.Ad-Hoc|Any CPU.Build.0 = Release|Any CPU
		{C626BF4A-2518-4587-BB61-A1FF4E91E303}.Ad-Hoc|ARM.ActiveCfg = Release|Any CPU
		{C626BF4A-2518-4587-BB61-A1FF4E91E303}.Ad-Hoc|ARM.Build.0 = Release|Any CPU
		{C626BF4A-2518-4587-BB61-A1FF4E91E303}.Ad-Hoc|iPhone.ActiveCfg = Release|Any CPU
		{C626BF4A-2518-4587-BB61-A1FF4E91E303}.Ad-Hoc|iPhone.Build.0 = Release|Any CPU
		{C626BF4A-2518-4587-BB61-A1FF4E91E303}.Ad-Hoc|iPhoneSimulator.ActiveCfg = Release|Any CPU
		{C626BF4A-2518-4587-BB61-A1FF4E91E303}.Ad-Hoc|iPhoneSimulator.Build.0 = Release|Any CPU
		{C626BF4A-2518-4587-BB61-A1FF4E91E303}.Ad-Hoc|x64.ActiveCfg = Release|Any CPU
		{C626BF4A-2518-4587-BB61-A1FF4E91E303}.Ad-Hoc|x64.Build.0 = Release|Any CPU
		{C626BF4A-2518-4587-BB61-A1FF4E91E303}.Ad-Hoc|x86.ActiveCfg = Release|Any CPU
		{C626BF4A-2518-4587-BB61-A1FF4E91E303}.Ad-Hoc|x86.Build.0 = Release|Any CPU
		{C626BF4A-2518-4587-BB61-A1FF4E91E303}.AppStore|Any CPU.ActiveCfg = Release|Any CPU
		{C626BF4A-2518-4587-BB61-A1FF4E91E303}.AppStore|Any CPU.Build.0 = Release|Any CPU
		{C626BF4A-2518-4587-BB61-A1FF4E91E303}.AppStore|ARM.ActiveCfg = Release|Any CPU
		{C626BF4A-2518-4587-BB61-A1FF4E91E303}.AppStore|ARM.Build.0 = Release|Any CPU
		{C626BF4A-2518-4587-BB61-A1FF4E91E303}.AppStore|iPhone.ActiveCfg = Release|Any CPU
		{C626BF4A-2518-4587-BB61-A1FF4E91E303}.AppStore|iPhone.Build.0 = Release|Any CPU
		{C626BF4A-2518-4587-BB61-A1FF4E91E303}.AppStore|iPhoneSimulator.ActiveCfg = Release|Any CPU
		{C626BF4A-2518-4587-BB61-A1FF4E91E303}.AppStore|iPhoneSimulator.Build.0 = Release|Any CPU
		{C626BF4A-2518-4587-BB61-A1FF4E91E303}.AppStore|x64.ActiveCfg = Release|Any CPU
		{C626BF4A-2518-4587-BB61-A1FF4E91E303}.AppStore|x64.Build.0 = Release|Any CPU
		{C626BF4A-2518-4587-BB61-A1FF4E91E303}.AppStore|x86.ActiveCfg = Release|Any CPU
		{C626BF4A-2518-4587-BB61-A1FF4E91E303}.AppStore|x86.Build.0 = Release|Any CPU
		{C626BF4A-2518-4587-BB61-A1FF4E91E303}.Debug|Any CPU.ActiveCfg = Debug|Any CPU
		{C626BF4A-2518-4587-BB61-A1FF4E91E303}.Debug|Any CPU.Build.0 = Debug|Any CPU
		{C626BF4A-2518-4587-BB61-A1FF4E91E303}.Debug|ARM.ActiveCfg = Debug|Any CPU
		{C626BF4A-2518-4587-BB61-A1FF4E91E303}.Debug|ARM.Build.0 = Debug|Any CPU
		{C626BF4A-2518-4587-BB61-A1FF4E91E303}.Debug|iPhone.ActiveCfg = Debug|Any CPU
		{C626BF4A-2518-4587-BB61-A1FF4E91E303}.Debug|iPhone.Build.0 = Debug|Any CPU
		{C626BF4A-2518-4587-BB61-A1FF4E91E303}.Debug|iPhoneSimulator.ActiveCfg = Debug|Any CPU
		{C626BF4A-2518-4587-BB61-A1FF4E91E303}.Debug|iPhoneSimulator.Build.0 = Debug|Any CPU
		{C626BF4A-2518-4587-BB61-A1FF4E91E303}.Debug|x64.ActiveCfg = Debug|Any CPU
		{C626BF4A-2518-4587-BB61-A1FF4E91E303}.Debug|x64.Build.0 = Debug|Any CPU
		{C626BF4A-2518-4587-BB61-A1FF4E91E303}.Debug|x86.ActiveCfg = Debug|Any CPU
		{C626BF4A-2518-4587-BB61-A1FF4E91E303}.Debug|x86.Build.0 = Debug|Any CPU
		{C626BF4A-2518-4587-BB61-A1FF4E91E303}.Release|Any CPU.ActiveCfg = Release|Any CPU
		{C626BF4A-2518-4587-BB61-A1FF4E91E303}.Release|Any CPU.Build.0 = Release|Any CPU
		{C626BF4A-2518-4587-BB61-A1FF4E91E303}.Release|ARM.ActiveCfg = Release|Any CPU
		{C626BF4A-2518-4587-BB61-A1FF4E91E303}.Release|ARM.Build.0 = Release|Any CPU
		{C626BF4A-2518-4587-BB61-A1FF4E91E303}.Release|iPhone.ActiveCfg = Release|Any CPU
		{C626BF4A-2518-4587-BB61-A1FF4E91E303}.Release|iPhone.Build.0 = Release|Any CPU
		{C626BF4A-2518-4587-BB61-A1FF4E91E303}.Release|iPhoneSimulator.ActiveCfg = Release|Any CPU
		{C626BF4A-2518-4587-BB61-A1FF4E91E303}.Release|iPhoneSimulator.Build.0 = Release|Any CPU
		{C626BF4A-2518-4587-BB61-A1FF4E91E303}.Release|x64.ActiveCfg = Release|Any CPU
		{C626BF4A-2518-4587-BB61-A1FF4E91E303}.Release|x64.Build.0 = Release|Any CPU
		{C626BF4A-2518-4587-BB61-A1FF4E91E303}.Release|x86.ActiveCfg = Release|Any CPU
		{C626BF4A-2518-4587-BB61-A1FF4E91E303}.Release|x86.Build.0 = Release|Any CPU
		{590EE745-8EFA-421E-954D-0D46762F0823}.Ad-Hoc|Any CPU.ActiveCfg = Release|Any CPU
		{590EE745-8EFA-421E-954D-0D46762F0823}.Ad-Hoc|Any CPU.Build.0 = Release|Any CPU
		{590EE745-8EFA-421E-954D-0D46762F0823}.Ad-Hoc|ARM.ActiveCfg = Release|Any CPU
		{590EE745-8EFA-421E-954D-0D46762F0823}.Ad-Hoc|ARM.Build.0 = Release|Any CPU
		{590EE745-8EFA-421E-954D-0D46762F0823}.Ad-Hoc|iPhone.ActiveCfg = Release|Any CPU
		{590EE745-8EFA-421E-954D-0D46762F0823}.Ad-Hoc|iPhone.Build.0 = Release|Any CPU
		{590EE745-8EFA-421E-954D-0D46762F0823}.Ad-Hoc|iPhoneSimulator.ActiveCfg = Release|Any CPU
		{590EE745-8EFA-421E-954D-0D46762F0823}.Ad-Hoc|iPhoneSimulator.Build.0 = Release|Any CPU
		{590EE745-8EFA-421E-954D-0D46762F0823}.Ad-Hoc|x64.ActiveCfg = Release|Any CPU
		{590EE745-8EFA-421E-954D-0D46762F0823}.Ad-Hoc|x64.Build.0 = Release|Any CPU
		{590EE745-8EFA-421E-954D-0D46762F0823}.Ad-Hoc|x86.ActiveCfg = Release|Any CPU
		{590EE745-8EFA-421E-954D-0D46762F0823}.Ad-Hoc|x86.Build.0 = Release|Any CPU
		{590EE745-8EFA-421E-954D-0D46762F0823}.AppStore|Any CPU.ActiveCfg = Release|Any CPU
		{590EE745-8EFA-421E-954D-0D46762F0823}.AppStore|Any CPU.Build.0 = Release|Any CPU
		{590EE745-8EFA-421E-954D-0D46762F0823}.AppStore|ARM.ActiveCfg = Release|Any CPU
		{590EE745-8EFA-421E-954D-0D46762F0823}.AppStore|ARM.Build.0 = Release|Any CPU
		{590EE745-8EFA-421E-954D-0D46762F0823}.AppStore|iPhone.ActiveCfg = Release|Any CPU
		{590EE745-8EFA-421E-954D-0D46762F0823}.AppStore|iPhone.Build.0 = Release|Any CPU
		{590EE745-8EFA-421E-954D-0D46762F0823}.AppStore|iPhoneSimulator.ActiveCfg = Release|Any CPU
		{590EE745-8EFA-421E-954D-0D46762F0823}.AppStore|iPhoneSimulator.Build.0 = Release|Any CPU
		{590EE745-8EFA-421E-954D-0D46762F0823}.AppStore|x64.ActiveCfg = Release|Any CPU
		{590EE745-8EFA-421E-954D-0D46762F0823}.AppStore|x64.Build.0 = Release|Any CPU
		{590EE745-8EFA-421E-954D-0D46762F0823}.AppStore|x86.ActiveCfg = Release|Any CPU
		{590EE745-8EFA-421E-954D-0D46762F0823}.AppStore|x86.Build.0 = Release|Any CPU
		{590EE745-8EFA-421E-954D-0D46762F0823}.Debug|Any CPU.ActiveCfg = Debug|Any CPU
		{590EE745-8EFA-421E-954D-0D46762F0823}.Debug|Any CPU.Build.0 = Debug|Any CPU
		{590EE745-8EFA-421E-954D-0D46762F0823}.Debug|ARM.ActiveCfg = Debug|Any CPU
		{590EE745-8EFA-421E-954D-0D46762F0823}.Debug|ARM.Build.0 = Debug|Any CPU
		{590EE745-8EFA-421E-954D-0D46762F0823}.Debug|iPhone.ActiveCfg = Debug|Any CPU
		{590EE745-8EFA-421E-954D-0D46762F0823}.Debug|iPhone.Build.0 = Debug|Any CPU
		{590EE745-8EFA-421E-954D-0D46762F0823}.Debug|iPhoneSimulator.ActiveCfg = Debug|Any CPU
		{590EE745-8EFA-421E-954D-0D46762F0823}.Debug|iPhoneSimulator.Build.0 = Debug|Any CPU
		{590EE745-8EFA-421E-954D-0D46762F0823}.Debug|x64.ActiveCfg = Debug|Any CPU
		{590EE745-8EFA-421E-954D-0D46762F0823}.Debug|x64.Build.0 = Debug|Any CPU
		{590EE745-8EFA-421E-954D-0D46762F0823}.Debug|x86.ActiveCfg = Debug|Any CPU
		{590EE745-8EFA-421E-954D-0D46762F0823}.Debug|x86.Build.0 = Debug|Any CPU
		{590EE745-8EFA-421E-954D-0D46762F0823}.Release|Any CPU.ActiveCfg = Release|Any CPU
		{590EE745-8EFA-421E-954D-0D46762F0823}.Release|Any CPU.Build.0 = Release|Any CPU
		{590EE745-8EFA-421E-954D-0D46762F0823}.Release|ARM.ActiveCfg = Release|Any CPU
		{590EE745-8EFA-421E-954D-0D46762F0823}.Release|ARM.Build.0 = Release|Any CPU
		{590EE745-8EFA-421E-954D-0D46762F0823}.Release|iPhone.ActiveCfg = Release|Any CPU
		{590EE745-8EFA-421E-954D-0D46762F0823}.Release|iPhone.Build.0 = Release|Any CPU
		{590EE745-8EFA-421E-954D-0D46762F0823}.Release|iPhoneSimulator.ActiveCfg = Release|Any CPU
		{590EE745-8EFA-421E-954D-0D46762F0823}.Release|iPhoneSimulator.Build.0 = Release|Any CPU
		{590EE745-8EFA-421E-954D-0D46762F0823}.Release|x64.ActiveCfg = Release|Any CPU
		{590EE745-8EFA-421E-954D-0D46762F0823}.Release|x64.Build.0 = Release|Any CPU
		{590EE745-8EFA-421E-954D-0D46762F0823}.Release|x86.ActiveCfg = Release|Any CPU
		{590EE745-8EFA-421E-954D-0D46762F0823}.Release|x86.Build.0 = Release|Any CPU
		{63AC4287-52CC-4DFC-A62E-63310D02D582}.Ad-Hoc|Any CPU.ActiveCfg = Release|Any CPU
		{63AC4287-52CC-4DFC-A62E-63310D02D582}.Ad-Hoc|Any CPU.Build.0 = Release|Any CPU
		{63AC4287-52CC-4DFC-A62E-63310D02D582}.Ad-Hoc|Any CPU.Deploy.0 = Release|Any CPU
		{63AC4287-52CC-4DFC-A62E-63310D02D582}.Ad-Hoc|ARM.ActiveCfg = Release|Any CPU
		{63AC4287-52CC-4DFC-A62E-63310D02D582}.Ad-Hoc|ARM.Build.0 = Release|Any CPU
		{63AC4287-52CC-4DFC-A62E-63310D02D582}.Ad-Hoc|ARM.Deploy.0 = Release|Any CPU
		{63AC4287-52CC-4DFC-A62E-63310D02D582}.Ad-Hoc|iPhone.ActiveCfg = Release|Any CPU
		{63AC4287-52CC-4DFC-A62E-63310D02D582}.Ad-Hoc|iPhone.Build.0 = Release|Any CPU
		{63AC4287-52CC-4DFC-A62E-63310D02D582}.Ad-Hoc|iPhone.Deploy.0 = Release|Any CPU
		{63AC4287-52CC-4DFC-A62E-63310D02D582}.Ad-Hoc|iPhoneSimulator.ActiveCfg = Release|Any CPU
		{63AC4287-52CC-4DFC-A62E-63310D02D582}.Ad-Hoc|iPhoneSimulator.Build.0 = Release|Any CPU
		{63AC4287-52CC-4DFC-A62E-63310D02D582}.Ad-Hoc|iPhoneSimulator.Deploy.0 = Release|Any CPU
		{63AC4287-52CC-4DFC-A62E-63310D02D582}.Ad-Hoc|x64.ActiveCfg = Release|Any CPU
		{63AC4287-52CC-4DFC-A62E-63310D02D582}.Ad-Hoc|x64.Build.0 = Release|Any CPU
		{63AC4287-52CC-4DFC-A62E-63310D02D582}.Ad-Hoc|x64.Deploy.0 = Release|Any CPU
		{63AC4287-52CC-4DFC-A62E-63310D02D582}.Ad-Hoc|x86.ActiveCfg = Release|Any CPU
		{63AC4287-52CC-4DFC-A62E-63310D02D582}.Ad-Hoc|x86.Build.0 = Release|Any CPU
		{63AC4287-52CC-4DFC-A62E-63310D02D582}.Ad-Hoc|x86.Deploy.0 = Release|Any CPU
		{63AC4287-52CC-4DFC-A62E-63310D02D582}.AppStore|Any CPU.ActiveCfg = Release|Any CPU
		{63AC4287-52CC-4DFC-A62E-63310D02D582}.AppStore|Any CPU.Build.0 = Release|Any CPU
		{63AC4287-52CC-4DFC-A62E-63310D02D582}.AppStore|Any CPU.Deploy.0 = Release|Any CPU
		{63AC4287-52CC-4DFC-A62E-63310D02D582}.AppStore|ARM.ActiveCfg = Release|Any CPU
		{63AC4287-52CC-4DFC-A62E-63310D02D582}.AppStore|ARM.Build.0 = Release|Any CPU
		{63AC4287-52CC-4DFC-A62E-63310D02D582}.AppStore|ARM.Deploy.0 = Release|Any CPU
		{63AC4287-52CC-4DFC-A62E-63310D02D582}.AppStore|iPhone.ActiveCfg = Release|Any CPU
		{63AC4287-52CC-4DFC-A62E-63310D02D582}.AppStore|iPhone.Build.0 = Release|Any CPU
		{63AC4287-52CC-4DFC-A62E-63310D02D582}.AppStore|iPhone.Deploy.0 = Release|Any CPU
		{63AC4287-52CC-4DFC-A62E-63310D02D582}.AppStore|iPhoneSimulator.ActiveCfg = Release|Any CPU
		{63AC4287-52CC-4DFC-A62E-63310D02D582}.AppStore|iPhoneSimulator.Build.0 = Release|Any CPU
		{63AC4287-52CC-4DFC-A62E-63310D02D582}.AppStore|iPhoneSimulator.Deploy.0 = Release|Any CPU
		{63AC4287-52CC-4DFC-A62E-63310D02D582}.AppStore|x64.ActiveCfg = Release|Any CPU
		{63AC4287-52CC-4DFC-A62E-63310D02D582}.AppStore|x64.Build.0 = Release|Any CPU
		{63AC4287-52CC-4DFC-A62E-63310D02D582}.AppStore|x64.Deploy.0 = Release|Any CPU
		{63AC4287-52CC-4DFC-A62E-63310D02D582}.AppStore|x86.ActiveCfg = Release|Any CPU
		{63AC4287-52CC-4DFC-A62E-63310D02D582}.AppStore|x86.Build.0 = Release|Any CPU
		{63AC4287-52CC-4DFC-A62E-63310D02D582}.AppStore|x86.Deploy.0 = Release|Any CPU
		{63AC4287-52CC-4DFC-A62E-63310D02D582}.Debug|Any CPU.ActiveCfg = Debug|Any CPU
		{63AC4287-52CC-4DFC-A62E-63310D02D582}.Debug|Any CPU.Build.0 = Debug|Any CPU
		{63AC4287-52CC-4DFC-A62E-63310D02D582}.Debug|Any CPU.Deploy.0 = Debug|Any CPU
		{63AC4287-52CC-4DFC-A62E-63310D02D582}.Debug|ARM.ActiveCfg = Debug|Any CPU
		{63AC4287-52CC-4DFC-A62E-63310D02D582}.Debug|ARM.Build.0 = Debug|Any CPU
		{63AC4287-52CC-4DFC-A62E-63310D02D582}.Debug|ARM.Deploy.0 = Debug|Any CPU
		{63AC4287-52CC-4DFC-A62E-63310D02D582}.Debug|iPhone.ActiveCfg = Debug|Any CPU
		{63AC4287-52CC-4DFC-A62E-63310D02D582}.Debug|iPhone.Build.0 = Debug|Any CPU
		{63AC4287-52CC-4DFC-A62E-63310D02D582}.Debug|iPhone.Deploy.0 = Debug|Any CPU
		{63AC4287-52CC-4DFC-A62E-63310D02D582}.Debug|iPhoneSimulator.ActiveCfg = Debug|Any CPU
		{63AC4287-52CC-4DFC-A62E-63310D02D582}.Debug|iPhoneSimulator.Build.0 = Debug|Any CPU
		{63AC4287-52CC-4DFC-A62E-63310D02D582}.Debug|iPhoneSimulator.Deploy.0 = Debug|Any CPU
		{63AC4287-52CC-4DFC-A62E-63310D02D582}.Debug|x64.ActiveCfg = Debug|Any CPU
		{63AC4287-52CC-4DFC-A62E-63310D02D582}.Debug|x64.Build.0 = Debug|Any CPU
		{63AC4287-52CC-4DFC-A62E-63310D02D582}.Debug|x64.Deploy.0 = Debug|Any CPU
		{63AC4287-52CC-4DFC-A62E-63310D02D582}.Debug|x86.ActiveCfg = Debug|Any CPU
		{63AC4287-52CC-4DFC-A62E-63310D02D582}.Debug|x86.Build.0 = Debug|Any CPU
		{63AC4287-52CC-4DFC-A62E-63310D02D582}.Debug|x86.Deploy.0 = Debug|Any CPU
		{63AC4287-52CC-4DFC-A62E-63310D02D582}.Release|Any CPU.ActiveCfg = Release|Any CPU
		{63AC4287-52CC-4DFC-A62E-63310D02D582}.Release|Any CPU.Build.0 = Release|Any CPU
		{63AC4287-52CC-4DFC-A62E-63310D02D582}.Release|Any CPU.Deploy.0 = Release|Any CPU
		{63AC4287-52CC-4DFC-A62E-63310D02D582}.Release|ARM.ActiveCfg = Release|Any CPU
		{63AC4287-52CC-4DFC-A62E-63310D02D582}.Release|ARM.Build.0 = Release|Any CPU
		{63AC4287-52CC-4DFC-A62E-63310D02D582}.Release|ARM.Deploy.0 = Release|Any CPU
		{63AC4287-52CC-4DFC-A62E-63310D02D582}.Release|iPhone.ActiveCfg = Release|Any CPU
		{63AC4287-52CC-4DFC-A62E-63310D02D582}.Release|iPhone.Build.0 = Release|Any CPU
		{63AC4287-52CC-4DFC-A62E-63310D02D582}.Release|iPhone.Deploy.0 = Release|Any CPU
		{63AC4287-52CC-4DFC-A62E-63310D02D582}.Release|iPhoneSimulator.ActiveCfg = Release|Any CPU
		{63AC4287-52CC-4DFC-A62E-63310D02D582}.Release|iPhoneSimulator.Build.0 = Release|Any CPU
		{63AC4287-52CC-4DFC-A62E-63310D02D582}.Release|iPhoneSimulator.Deploy.0 = Release|Any CPU
		{63AC4287-52CC-4DFC-A62E-63310D02D582}.Release|x64.ActiveCfg = Release|Any CPU
		{63AC4287-52CC-4DFC-A62E-63310D02D582}.Release|x64.Build.0 = Release|Any CPU
		{63AC4287-52CC-4DFC-A62E-63310D02D582}.Release|x64.Deploy.0 = Release|Any CPU
		{63AC4287-52CC-4DFC-A62E-63310D02D582}.Release|x86.ActiveCfg = Release|Any CPU
		{63AC4287-52CC-4DFC-A62E-63310D02D582}.Release|x86.Build.0 = Release|Any CPU
		{63AC4287-52CC-4DFC-A62E-63310D02D582}.Release|x86.Deploy.0 = Release|Any CPU
		{FDBEC56B-999B-4EDA-82DC-BE5612DD05FA}.Ad-Hoc|Any CPU.ActiveCfg = Ad-Hoc|iPhone
		{FDBEC56B-999B-4EDA-82DC-BE5612DD05FA}.Ad-Hoc|ARM.ActiveCfg = Ad-Hoc|iPhone
		{FDBEC56B-999B-4EDA-82DC-BE5612DD05FA}.Ad-Hoc|iPhone.ActiveCfg = Ad-Hoc|iPhone
		{FDBEC56B-999B-4EDA-82DC-BE5612DD05FA}.Ad-Hoc|iPhone.Build.0 = Ad-Hoc|iPhone
		{FDBEC56B-999B-4EDA-82DC-BE5612DD05FA}.Ad-Hoc|iPhoneSimulator.ActiveCfg = Ad-Hoc|iPhoneSimulator
		{FDBEC56B-999B-4EDA-82DC-BE5612DD05FA}.Ad-Hoc|iPhoneSimulator.Build.0 = Ad-Hoc|iPhoneSimulator
		{FDBEC56B-999B-4EDA-82DC-BE5612DD05FA}.Ad-Hoc|x64.ActiveCfg = Ad-Hoc|iPhone
		{FDBEC56B-999B-4EDA-82DC-BE5612DD05FA}.Ad-Hoc|x86.ActiveCfg = Ad-Hoc|iPhone
		{FDBEC56B-999B-4EDA-82DC-BE5612DD05FA}.AppStore|Any CPU.ActiveCfg = AppStore|iPhone
		{FDBEC56B-999B-4EDA-82DC-BE5612DD05FA}.AppStore|ARM.ActiveCfg = AppStore|iPhone
		{FDBEC56B-999B-4EDA-82DC-BE5612DD05FA}.AppStore|iPhone.ActiveCfg = AppStore|iPhone
		{FDBEC56B-999B-4EDA-82DC-BE5612DD05FA}.AppStore|iPhone.Build.0 = AppStore|iPhone
		{FDBEC56B-999B-4EDA-82DC-BE5612DD05FA}.AppStore|iPhoneSimulator.ActiveCfg = AppStore|iPhoneSimulator
		{FDBEC56B-999B-4EDA-82DC-BE5612DD05FA}.AppStore|iPhoneSimulator.Build.0 = AppStore|iPhoneSimulator
		{FDBEC56B-999B-4EDA-82DC-BE5612DD05FA}.AppStore|x64.ActiveCfg = AppStore|iPhone
		{FDBEC56B-999B-4EDA-82DC-BE5612DD05FA}.AppStore|x86.ActiveCfg = AppStore|iPhone
		{FDBEC56B-999B-4EDA-82DC-BE5612DD05FA}.Debug|Any CPU.ActiveCfg = Debug|iPhone
		{FDBEC56B-999B-4EDA-82DC-BE5612DD05FA}.Debug|ARM.ActiveCfg = Debug|iPhone
		{FDBEC56B-999B-4EDA-82DC-BE5612DD05FA}.Debug|iPhone.ActiveCfg = Debug|iPhone
		{FDBEC56B-999B-4EDA-82DC-BE5612DD05FA}.Debug|iPhone.Build.0 = Debug|iPhone
		{FDBEC56B-999B-4EDA-82DC-BE5612DD05FA}.Debug|iPhoneSimulator.ActiveCfg = Debug|iPhoneSimulator
		{FDBEC56B-999B-4EDA-82DC-BE5612DD05FA}.Debug|iPhoneSimulator.Build.0 = Debug|iPhoneSimulator
		{FDBEC56B-999B-4EDA-82DC-BE5612DD05FA}.Debug|x64.ActiveCfg = Debug|iPhone
		{FDBEC56B-999B-4EDA-82DC-BE5612DD05FA}.Debug|x86.ActiveCfg = Debug|iPhone
		{FDBEC56B-999B-4EDA-82DC-BE5612DD05FA}.Release|Any CPU.ActiveCfg = Release|iPhone
		{FDBEC56B-999B-4EDA-82DC-BE5612DD05FA}.Release|ARM.ActiveCfg = Release|iPhone
		{FDBEC56B-999B-4EDA-82DC-BE5612DD05FA}.Release|iPhone.ActiveCfg = Release|iPhone
		{FDBEC56B-999B-4EDA-82DC-BE5612DD05FA}.Release|iPhone.Build.0 = Release|iPhone
		{FDBEC56B-999B-4EDA-82DC-BE5612DD05FA}.Release|iPhoneSimulator.ActiveCfg = Release|iPhoneSimulator
		{FDBEC56B-999B-4EDA-82DC-BE5612DD05FA}.Release|iPhoneSimulator.Build.0 = Release|iPhoneSimulator
		{FDBEC56B-999B-4EDA-82DC-BE5612DD05FA}.Release|x64.ActiveCfg = Release|iPhone
		{FDBEC56B-999B-4EDA-82DC-BE5612DD05FA}.Release|x86.ActiveCfg = Release|iPhone
		{FC3526BC-826F-4A7A-919F-274EAE4E328E}.Ad-Hoc|Any CPU.ActiveCfg = Release|x86
		{FC3526BC-826F-4A7A-919F-274EAE4E328E}.Ad-Hoc|Any CPU.Build.0 = Release|x86
		{FC3526BC-826F-4A7A-919F-274EAE4E328E}.Ad-Hoc|Any CPU.Deploy.0 = Release|x86
		{FC3526BC-826F-4A7A-919F-274EAE4E328E}.Ad-Hoc|ARM.ActiveCfg = Release|ARM
		{FC3526BC-826F-4A7A-919F-274EAE4E328E}.Ad-Hoc|ARM.Build.0 = Release|ARM
		{FC3526BC-826F-4A7A-919F-274EAE4E328E}.Ad-Hoc|ARM.Deploy.0 = Release|ARM
		{FC3526BC-826F-4A7A-919F-274EAE4E328E}.Ad-Hoc|iPhone.ActiveCfg = Release|x86
		{FC3526BC-826F-4A7A-919F-274EAE4E328E}.Ad-Hoc|iPhone.Build.0 = Release|x86
		{FC3526BC-826F-4A7A-919F-274EAE4E328E}.Ad-Hoc|iPhone.Deploy.0 = Release|x86
		{FC3526BC-826F-4A7A-919F-274EAE4E328E}.Ad-Hoc|iPhoneSimulator.ActiveCfg = Release|x86
		{FC3526BC-826F-4A7A-919F-274EAE4E328E}.Ad-Hoc|iPhoneSimulator.Build.0 = Release|x86
		{FC3526BC-826F-4A7A-919F-274EAE4E328E}.Ad-Hoc|iPhoneSimulator.Deploy.0 = Release|x86
		{FC3526BC-826F-4A7A-919F-274EAE4E328E}.Ad-Hoc|x64.ActiveCfg = Release|x64
		{FC3526BC-826F-4A7A-919F-274EAE4E328E}.Ad-Hoc|x64.Build.0 = Release|x64
		{FC3526BC-826F-4A7A-919F-274EAE4E328E}.Ad-Hoc|x64.Deploy.0 = Release|x64
		{FC3526BC-826F-4A7A-919F-274EAE4E328E}.Ad-Hoc|x86.ActiveCfg = Release|x86
		{FC3526BC-826F-4A7A-919F-274EAE4E328E}.Ad-Hoc|x86.Build.0 = Release|x86
		{FC3526BC-826F-4A7A-919F-274EAE4E328E}.Ad-Hoc|x86.Deploy.0 = Release|x86
		{FC3526BC-826F-4A7A-919F-274EAE4E328E}.AppStore|Any CPU.ActiveCfg = Release|x86
		{FC3526BC-826F-4A7A-919F-274EAE4E328E}.AppStore|Any CPU.Build.0 = Release|x86
		{FC3526BC-826F-4A7A-919F-274EAE4E328E}.AppStore|Any CPU.Deploy.0 = Release|x86
		{FC3526BC-826F-4A7A-919F-274EAE4E328E}.AppStore|ARM.ActiveCfg = Release|ARM
		{FC3526BC-826F-4A7A-919F-274EAE4E328E}.AppStore|ARM.Build.0 = Release|ARM
		{FC3526BC-826F-4A7A-919F-274EAE4E328E}.AppStore|ARM.Deploy.0 = Release|ARM
		{FC3526BC-826F-4A7A-919F-274EAE4E328E}.AppStore|iPhone.ActiveCfg = Release|x86
		{FC3526BC-826F-4A7A-919F-274EAE4E328E}.AppStore|iPhone.Build.0 = Release|x86
		{FC3526BC-826F-4A7A-919F-274EAE4E328E}.AppStore|iPhone.Deploy.0 = Release|x86
		{FC3526BC-826F-4A7A-919F-274EAE4E328E}.AppStore|iPhoneSimulator.ActiveCfg = Release|x86
		{FC3526BC-826F-4A7A-919F-274EAE4E328E}.AppStore|iPhoneSimulator.Build.0 = Release|x86
		{FC3526BC-826F-4A7A-919F-274EAE4E328E}.AppStore|iPhoneSimulator.Deploy.0 = Release|x86
		{FC3526BC-826F-4A7A-919F-274EAE4E328E}.AppStore|x64.ActiveCfg = Release|x64
		{FC3526BC-826F-4A7A-919F-274EAE4E328E}.AppStore|x64.Build.0 = Release|x64
		{FC3526BC-826F-4A7A-919F-274EAE4E328E}.AppStore|x64.Deploy.0 = Release|x64
		{FC3526BC-826F-4A7A-919F-274EAE4E328E}.AppStore|x86.ActiveCfg = Release|x86
		{FC3526BC-826F-4A7A-919F-274EAE4E328E}.AppStore|x86.Build.0 = Release|x86
		{FC3526BC-826F-4A7A-919F-274EAE4E328E}.AppStore|x86.Deploy.0 = Release|x86
		{FC3526BC-826F-4A7A-919F-274EAE4E328E}.Debug|Any CPU.ActiveCfg = Debug|x86
		{FC3526BC-826F-4A7A-919F-274EAE4E328E}.Debug|ARM.ActiveCfg = Debug|ARM
		{FC3526BC-826F-4A7A-919F-274EAE4E328E}.Debug|ARM.Build.0 = Debug|ARM
		{FC3526BC-826F-4A7A-919F-274EAE4E328E}.Debug|ARM.Deploy.0 = Debug|ARM
		{FC3526BC-826F-4A7A-919F-274EAE4E328E}.Debug|iPhone.ActiveCfg = Debug|x86
		{FC3526BC-826F-4A7A-919F-274EAE4E328E}.Debug|iPhoneSimulator.ActiveCfg = Debug|x86
		{FC3526BC-826F-4A7A-919F-274EAE4E328E}.Debug|x64.ActiveCfg = Debug|x64
		{FC3526BC-826F-4A7A-919F-274EAE4E328E}.Debug|x64.Build.0 = Debug|x64
		{FC3526BC-826F-4A7A-919F-274EAE4E328E}.Debug|x64.Deploy.0 = Debug|x64
		{FC3526BC-826F-4A7A-919F-274EAE4E328E}.Debug|x86.ActiveCfg = Debug|x86
		{FC3526BC-826F-4A7A-919F-274EAE4E328E}.Debug|x86.Build.0 = Debug|x86
		{FC3526BC-826F-4A7A-919F-274EAE4E328E}.Debug|x86.Deploy.0 = Debug|x86
		{FC3526BC-826F-4A7A-919F-274EAE4E328E}.Release|Any CPU.ActiveCfg = Release|x86
		{FC3526BC-826F-4A7A-919F-274EAE4E328E}.Release|ARM.ActiveCfg = Release|ARM
		{FC3526BC-826F-4A7A-919F-274EAE4E328E}.Release|ARM.Build.0 = Release|ARM
		{FC3526BC-826F-4A7A-919F-274EAE4E328E}.Release|ARM.Deploy.0 = Release|ARM
		{FC3526BC-826F-4A7A-919F-274EAE4E328E}.Release|iPhone.ActiveCfg = Release|x86
		{FC3526BC-826F-4A7A-919F-274EAE4E328E}.Release|iPhoneSimulator.ActiveCfg = Release|x86
		{FC3526BC-826F-4A7A-919F-274EAE4E328E}.Release|x64.ActiveCfg = Release|x64
		{FC3526BC-826F-4A7A-919F-274EAE4E328E}.Release|x64.Build.0 = Release|x64
		{FC3526BC-826F-4A7A-919F-274EAE4E328E}.Release|x64.Deploy.0 = Release|x64
		{FC3526BC-826F-4A7A-919F-274EAE4E328E}.Release|x86.ActiveCfg = Release|x86
		{FC3526BC-826F-4A7A-919F-274EAE4E328E}.Release|x86.Build.0 = Release|x86
		{FC3526BC-826F-4A7A-919F-274EAE4E328E}.Release|x86.Deploy.0 = Release|x86
		{32E197F2-1EFF-499E-B3D6-8E85A4A7C689}.Ad-Hoc|Any CPU.ActiveCfg = Debug|Any CPU
		{32E197F2-1EFF-499E-B3D6-8E85A4A7C689}.Ad-Hoc|Any CPU.Build.0 = Debug|Any CPU
		{32E197F2-1EFF-499E-B3D6-8E85A4A7C689}.Ad-Hoc|ARM.ActiveCfg = Debug|Any CPU
		{32E197F2-1EFF-499E-B3D6-8E85A4A7C689}.Ad-Hoc|ARM.Build.0 = Debug|Any CPU
		{32E197F2-1EFF-499E-B3D6-8E85A4A7C689}.Ad-Hoc|iPhone.ActiveCfg = Debug|Any CPU
		{32E197F2-1EFF-499E-B3D6-8E85A4A7C689}.Ad-Hoc|iPhone.Build.0 = Debug|Any CPU
		{32E197F2-1EFF-499E-B3D6-8E85A4A7C689}.Ad-Hoc|iPhoneSimulator.ActiveCfg = Debug|Any CPU
		{32E197F2-1EFF-499E-B3D6-8E85A4A7C689}.Ad-Hoc|iPhoneSimulator.Build.0 = Debug|Any CPU
		{32E197F2-1EFF-499E-B3D6-8E85A4A7C689}.Ad-Hoc|x64.ActiveCfg = Debug|Any CPU
		{32E197F2-1EFF-499E-B3D6-8E85A4A7C689}.Ad-Hoc|x64.Build.0 = Debug|Any CPU
		{32E197F2-1EFF-499E-B3D6-8E85A4A7C689}.Ad-Hoc|x86.ActiveCfg = Debug|Any CPU
		{32E197F2-1EFF-499E-B3D6-8E85A4A7C689}.Ad-Hoc|x86.Build.0 = Debug|Any CPU
		{32E197F2-1EFF-499E-B3D6-8E85A4A7C689}.AppStore|Any CPU.ActiveCfg = Debug|Any CPU
		{32E197F2-1EFF-499E-B3D6-8E85A4A7C689}.AppStore|Any CPU.Build.0 = Debug|Any CPU
		{32E197F2-1EFF-499E-B3D6-8E85A4A7C689}.AppStore|ARM.ActiveCfg = Debug|Any CPU
		{32E197F2-1EFF-499E-B3D6-8E85A4A7C689}.AppStore|ARM.Build.0 = Debug|Any CPU
		{32E197F2-1EFF-499E-B3D6-8E85A4A7C689}.AppStore|iPhone.ActiveCfg = Debug|Any CPU
		{32E197F2-1EFF-499E-B3D6-8E85A4A7C689}.AppStore|iPhone.Build.0 = Debug|Any CPU
		{32E197F2-1EFF-499E-B3D6-8E85A4A7C689}.AppStore|iPhoneSimulator.ActiveCfg = Debug|Any CPU
		{32E197F2-1EFF-499E-B3D6-8E85A4A7C689}.AppStore|iPhoneSimulator.Build.0 = Debug|Any CPU
		{32E197F2-1EFF-499E-B3D6-8E85A4A7C689}.AppStore|x64.ActiveCfg = Debug|Any CPU
		{32E197F2-1EFF-499E-B3D6-8E85A4A7C689}.AppStore|x64.Build.0 = Debug|Any CPU
		{32E197F2-1EFF-499E-B3D6-8E85A4A7C689}.AppStore|x86.ActiveCfg = Debug|Any CPU
		{32E197F2-1EFF-499E-B3D6-8E85A4A7C689}.AppStore|x86.Build.0 = Debug|Any CPU
		{32E197F2-1EFF-499E-B3D6-8E85A4A7C689}.Debug|Any CPU.ActiveCfg = Debug|Any CPU
		{32E197F2-1EFF-499E-B3D6-8E85A4A7C689}.Debug|Any CPU.Build.0 = Debug|Any CPU
		{32E197F2-1EFF-499E-B3D6-8E85A4A7C689}.Debug|ARM.ActiveCfg = Debug|Any CPU
		{32E197F2-1EFF-499E-B3D6-8E85A4A7C689}.Debug|ARM.Build.0 = Debug|Any CPU
		{32E197F2-1EFF-499E-B3D6-8E85A4A7C689}.Debug|iPhone.ActiveCfg = Debug|Any CPU
		{32E197F2-1EFF-499E-B3D6-8E85A4A7C689}.Debug|iPhone.Build.0 = Debug|Any CPU
		{32E197F2-1EFF-499E-B3D6-8E85A4A7C689}.Debug|iPhoneSimulator.ActiveCfg = Debug|Any CPU
		{32E197F2-1EFF-499E-B3D6-8E85A4A7C689}.Debug|iPhoneSimulator.Build.0 = Debug|Any CPU
		{32E197F2-1EFF-499E-B3D6-8E85A4A7C689}.Debug|x64.ActiveCfg = Debug|Any CPU
		{32E197F2-1EFF-499E-B3D6-8E85A4A7C689}.Debug|x64.Build.0 = Debug|Any CPU
		{32E197F2-1EFF-499E-B3D6-8E85A4A7C689}.Debug|x86.ActiveCfg = Debug|Any CPU
		{32E197F2-1EFF-499E-B3D6-8E85A4A7C689}.Debug|x86.Build.0 = Debug|Any CPU
		{32E197F2-1EFF-499E-B3D6-8E85A4A7C689}.Release|Any CPU.ActiveCfg = Release|Any CPU
		{32E197F2-1EFF-499E-B3D6-8E85A4A7C689}.Release|Any CPU.Build.0 = Release|Any CPU
		{32E197F2-1EFF-499E-B3D6-8E85A4A7C689}.Release|ARM.ActiveCfg = Release|Any CPU
		{32E197F2-1EFF-499E-B3D6-8E85A4A7C689}.Release|ARM.Build.0 = Release|Any CPU
		{32E197F2-1EFF-499E-B3D6-8E85A4A7C689}.Release|iPhone.ActiveCfg = Release|Any CPU
		{32E197F2-1EFF-499E-B3D6-8E85A4A7C689}.Release|iPhone.Build.0 = Release|Any CPU
		{32E197F2-1EFF-499E-B3D6-8E85A4A7C689}.Release|iPhoneSimulator.ActiveCfg = Release|Any CPU
		{32E197F2-1EFF-499E-B3D6-8E85A4A7C689}.Release|iPhoneSimulator.Build.0 = Release|Any CPU
		{32E197F2-1EFF-499E-B3D6-8E85A4A7C689}.Release|x64.ActiveCfg = Release|Any CPU
		{32E197F2-1EFF-499E-B3D6-8E85A4A7C689}.Release|x64.Build.0 = Release|Any CPU
		{32E197F2-1EFF-499E-B3D6-8E85A4A7C689}.Release|x86.ActiveCfg = Release|Any CPU
		{32E197F2-1EFF-499E-B3D6-8E85A4A7C689}.Release|x86.Build.0 = Release|Any CPU
	EndGlobalSection
	GlobalSection(SolutionProperties) = preSolution
		HideSolutionNode = FALSE
	EndGlobalSection
	GlobalSection(ExtensibilityGlobals) = postSolution
		SolutionGuid = {24FC41D2-8E53-40B2-A617-654CA2640A48}
	EndGlobalSection
EndGlobal
